// !$*UTF8*$!
{
	archiveVersion = 1;
	classes = {
	};
	objectVersion = 46;
	objects = {

/* Begin PBXBuildFile section */
		AE08933B1A0A08CD006D860F /* camera_disabled@2x.png in Resources */ = {isa = PBXBuildFile; fileRef = AE0893311A0A08CD006D860F /* camera_disabled@2x.png */; };
		AE08933C1A0A08CD006D860F /* camera_enabled@2x.png in Resources */ = {isa = PBXBuildFile; fileRef = AE0893321A0A08CD006D860F /* camera_enabled@2x.png */; };
		AE08933D1A0A08CD006D860F /* cloud_disabled@2x.png in Resources */ = {isa = PBXBuildFile; fileRef = AE0893331A0A08CD006D860F /* cloud_disabled@2x.png */; };
		AE08933E1A0A08CD006D860F /* cloud_enabled@2x.png in Resources */ = {isa = PBXBuildFile; fileRef = AE0893341A0A08CD006D860F /* cloud_enabled@2x.png */; };
		AE08933F1A0A08CD006D860F /* globe_disabled@2x.png in Resources */ = {isa = PBXBuildFile; fileRef = AE0893351A0A08CD006D860F /* globe_disabled@2x.png */; };
		AE0893401A0A08CD006D860F /* globe_enabled@2x.png in Resources */ = {isa = PBXBuildFile; fileRef = AE0893361A0A08CD006D860F /* globe_enabled@2x.png */; };
		AE0893411A0A08CD006D860F /* user_disabled@2x.png in Resources */ = {isa = PBXBuildFile; fileRef = AE0893371A0A08CD006D860F /* user_disabled@2x.png */; };
		AE0893421A0A08CD006D860F /* user_enabled@2x.png in Resources */ = {isa = PBXBuildFile; fileRef = AE0893381A0A08CD006D860F /* user_enabled@2x.png */; };
		AE0893431A0A08CD006D860F /* watch_disabled@2x.png in Resources */ = {isa = PBXBuildFile; fileRef = AE0893391A0A08CD006D860F /* watch_disabled@2x.png */; };
		AE0893441A0A08CD006D860F /* watch_enabled@2x.png in Resources */ = {isa = PBXBuildFile; fileRef = AE08933A1A0A08CD006D860F /* watch_enabled@2x.png */; };
		AE0893491A0A259F006D860F /* RKTabItem.m in Sources */ = {isa = PBXBuildFile; fileRef = AE0893461A0A259F006D860F /* RKTabItem.m */; };
		AE08934A1A0A259F006D860F /* RKTabView.m in Sources */ = {isa = PBXBuildFile; fileRef = AE0893481A0A259F006D860F /* RKTabView.m */; };
		AE0AFE4719FD42B5008381B5 /* libsqlite3.dylib in Frameworks */ = {isa = PBXBuildFile; fileRef = AE0AFE4619FD42B5008381B5 /* libsqlite3.dylib */; };
		AE0AFE5E19FD6687008381B5 /* KSDBManager.m in Sources */ = {isa = PBXBuildFile; fileRef = AE0AFE5D19FD6687008381B5 /* KSDBManager.m */; settings = {COMPILER_FLAGS = "-fobjc-arc"; }; };
		AE0AFE6119FD7394008381B5 /* KSUser.m in Sources */ = {isa = PBXBuildFile; fileRef = AE0AFE6019FD7394008381B5 /* KSUser.m */; };
		AE0AFE6419FD7441008381B5 /* KSUserDB.m in Sources */ = {isa = PBXBuildFile; fileRef = AE0AFE6319FD7441008381B5 /* KSUserDB.m */; };
		AE0F67001A000D2500B94238 /* MBProgressHUD.m in Sources */ = {isa = PBXBuildFile; fileRef = AE0F66FF1A000D2500B94238 /* MBProgressHUD.m */; };
		AE0F67021A07D5AB00B94238 /* blurred_background.png in Resources */ = {isa = PBXBuildFile; fileRef = AE0F67011A07D5AB00B94238 /* blurred_background.png */; };
		AE25F5B319F5790900439FC2 /* CFNetwork.framework in Frameworks */ = {isa = PBXBuildFile; fileRef = AE25F5B119F5790900439FC2 /* CFNetwork.framework */; };
		AE25F5B419F5790900439FC2 /* libz.1.2.5.dylib in Frameworks */ = {isa = PBXBuildFile; fileRef = AE25F5B219F5790900439FC2 /* libz.1.2.5.dylib */; };
		AE25F5B719F5792900439FC2 /* MobileCoreServices.framework in Frameworks */ = {isa = PBXBuildFile; fileRef = AE25F5B519F5792900439FC2 /* MobileCoreServices.framework */; };
		AE25F5B819F5792900439FC2 /* SystemConfiguration.framework in Frameworks */ = {isa = PBXBuildFile; fileRef = AE25F5B619F5792900439FC2 /* SystemConfiguration.framework */; };
		AE25F5ED19F57D9F00439FC2 /* ASIAuthenticationDialog.m in Sources */ = {isa = PBXBuildFile; fileRef = AE25F5BB19F57D9F00439FC2 /* ASIAuthenticationDialog.m */; settings = {COMPILER_FLAGS = "-fno-objc-arc"; }; };
		AE25F5EE19F57D9F00439FC2 /* ASIDownloadCache.m in Sources */ = {isa = PBXBuildFile; fileRef = AE25F5BE19F57D9F00439FC2 /* ASIDownloadCache.m */; settings = {COMPILER_FLAGS = "-fno-objc-arc"; }; };
		AE25F5EF19F57D9F00439FC2 /* ASIFormDataRequest.m in Sources */ = {isa = PBXBuildFile; fileRef = AE25F5C019F57D9F00439FC2 /* ASIFormDataRequest.m */; settings = {COMPILER_FLAGS = "-fno-objc-arc"; }; };
		AE25F5F019F57D9F00439FC2 /* ASIHTTPRequest.m in Sources */ = {isa = PBXBuildFile; fileRef = AE25F5C319F57D9F00439FC2 /* ASIHTTPRequest.m */; settings = {COMPILER_FLAGS = "-fno-objc-arc"; }; };
		AE25F5F119F57D9F00439FC2 /* ASIInputStream.m in Sources */ = {isa = PBXBuildFile; fileRef = AE25F5C719F57D9F00439FC2 /* ASIInputStream.m */; settings = {COMPILER_FLAGS = "-fno-objc-arc"; }; };
		AE25F5F219F57D9F00439FC2 /* ASINetworkQueue.m in Sources */ = {isa = PBXBuildFile; fileRef = AE25F5C919F57D9F00439FC2 /* ASINetworkQueue.m */; settings = {COMPILER_FLAGS = "-fno-objc-arc"; }; };
		AE25F5F319F57D9F00439FC2 /* Reachability.m in Sources */ = {isa = PBXBuildFile; fileRef = AE25F5CC19F57D9F00439FC2 /* Reachability.m */; settings = {COMPILER_FLAGS = "-fno-objc-arc"; }; };
		AE25F60419F5803000439FC2 /* libxml2.2.dylib in Frameworks */ = {isa = PBXBuildFile; fileRef = AE25F60319F5803000439FC2 /* libxml2.2.dylib */; };
		AE25F60619F581E800439FC2 /* libz.dylib in Frameworks */ = {isa = PBXBuildFile; fileRef = AE25F60519F581E800439FC2 /* libz.dylib */; };
		AE5B304F19EFCCC400E44365 /* Foundation.framework in Frameworks */ = {isa = PBXBuildFile; fileRef = AE5B304E19EFCCC400E44365 /* Foundation.framework */; };
		AE5B305119EFCCC400E44365 /* CoreGraphics.framework in Frameworks */ = {isa = PBXBuildFile; fileRef = AE5B305019EFCCC400E44365 /* CoreGraphics.framework */; };
		AE5B305319EFCCC400E44365 /* UIKit.framework in Frameworks */ = {isa = PBXBuildFile; fileRef = AE5B305219EFCCC400E44365 /* UIKit.framework */; };
		AE5B305919EFCCC400E44365 /* InfoPlist.strings in Resources */ = {isa = PBXBuildFile; fileRef = AE5B305719EFCCC400E44365 /* InfoPlist.strings */; };
		AE5B305B19EFCCC400E44365 /* main.m in Sources */ = {isa = PBXBuildFile; fileRef = AE5B305A19EFCCC400E44365 /* main.m */; };
		AE5B305F19EFCCC400E44365 /* KSAppDelegate.m in Sources */ = {isa = PBXBuildFile; fileRef = AE5B305E19EFCCC400E44365 /* KSAppDelegate.m */; };
		AE5B306219EFCCC400E44365 /* Main.storyboard in Resources */ = {isa = PBXBuildFile; fileRef = AE5B306019EFCCC400E44365 /* Main.storyboard */; };
		AE5B306519EFCCC400E44365 /* KSViewController.m in Sources */ = {isa = PBXBuildFile; fileRef = AE5B306419EFCCC400E44365 /* KSViewController.m */; };
		AE5B306719EFCCC400E44365 /* Images.xcassets in Resources */ = {isa = PBXBuildFile; fileRef = AE5B306619EFCCC400E44365 /* Images.xcassets */; };
		AE5B306E19EFCCC400E44365 /* XCTest.framework in Frameworks */ = {isa = PBXBuildFile; fileRef = AE5B306D19EFCCC400E44365 /* XCTest.framework */; };
		AE5B306F19EFCCC400E44365 /* Foundation.framework in Frameworks */ = {isa = PBXBuildFile; fileRef = AE5B304E19EFCCC400E44365 /* Foundation.framework */; };
		AE5B307019EFCCC400E44365 /* UIKit.framework in Frameworks */ = {isa = PBXBuildFile; fileRef = AE5B305219EFCCC400E44365 /* UIKit.framework */; };
		AE5B307819EFCCC400E44365 /* InfoPlist.strings in Resources */ = {isa = PBXBuildFile; fileRef = AE5B307619EFCCC400E44365 /* InfoPlist.strings */; };
		AE5B307A19EFCCC400E44365 /* BusinessAppTests.m in Sources */ = {isa = PBXBuildFile; fileRef = AE5B307919EFCCC400E44365 /* BusinessAppTests.m */; };
		AE73E1FE19FA207900292837 /* KSMainViewController.m in Sources */ = {isa = PBXBuildFile; fileRef = AE73E1FD19FA207900292837 /* KSMainViewController.m */; };
		AEAD4CF019FF8ED60078F89F /* KSLogedViewController.m in Sources */ = {isa = PBXBuildFile; fileRef = AEAD4CEF19FF8ED60078F89F /* KSLogedViewController.m */; settings = {COMPILER_FLAGS = "-fobjc-arc"; }; };
		AECE59CF1A1CF06A0033DC9F /* BEMAnimations.m in Sources */ = {isa = PBXBuildFile; fileRef = AECE59C81A1CF06A0033DC9F /* BEMAnimations.m */; };
		AECE59D01A1CF06A0033DC9F /* BEMCircle.m in Sources */ = {isa = PBXBuildFile; fileRef = AECE59CA1A1CF06A0033DC9F /* BEMCircle.m */; };
		AECE59D11A1CF06A0033DC9F /* BEMLine.m in Sources */ = {isa = PBXBuildFile; fileRef = AECE59CC1A1CF06A0033DC9F /* BEMLine.m */; };
		AECE59D21A1CF06A0033DC9F /* BEMSimpleLineGraphView.m in Sources */ = {isa = PBXBuildFile; fileRef = AECE59CE1A1CF06A0033DC9F /* BEMSimpleLineGraphView.m */; };
		AED008DE1A4423F300EFF3E0 /* KSSaleDayViewController.m in Sources */ = {isa = PBXBuildFile; fileRef = AED008DD1A4423F300EFF3E0 /* KSSaleDayViewController.m */; };
		AED008E11A49790C00EFF3E0 /* MonthTotal.m in Sources */ = {isa = PBXBuildFile; fileRef = AED008E01A49790C00EFF3E0 /* MonthTotal.m */; };
		AED008E41A497EFE00EFF3E0 /* KSMonthTotalDal.m in Sources */ = {isa = PBXBuildFile; fileRef = AED008E31A497EFE00EFF3E0 /* KSMonthTotalDal.m */; };
		AED1657B1A65003D0028B894 /* MonthTotalHeader.m in Sources */ = {isa = PBXBuildFile; fileRef = AED165791A65003D0028B894 /* MonthTotalHeader.m */; };
		AED1657C1A65003D0028B894 /* MonthTotalHeader.xib in Resources */ = {isa = PBXBuildFile; fileRef = AED1657A1A65003D0028B894 /* MonthTotalHeader.xib */; };
		AED834171A14FF5F008B151E /* KSLineViewController.m in Sources */ = {isa = PBXBuildFile; fileRef = AED834161A14FF5F008B151E /* KSLineViewController.m */; };
		AED94A491A4B08CB00780EAD /* MonthTotalCell.m in Sources */ = {isa = PBXBuildFile; fileRef = AED94A471A4B08CB00780EAD /* MonthTotalCell.m */; };
		AED94A4A1A4B08CB00780EAD /* MonthTotalCell.xib in Resources */ = {isa = PBXBuildFile; fileRef = AED94A481A4B08CB00780EAD /* MonthTotalCell.xib */; };
		AED9C2891A25833B003D6741 /* KSWebAccess.m in Sources */ = {isa = PBXBuildFile; fileRef = AED9C2881A25833B003D6741 /* KSWebAccess.m */; };
		AED9C2901A2C3B38003D6741 /* AMBlurView.m in Sources */ = {isa = PBXBuildFile; fileRef = AED9C28B1A2C3B38003D6741 /* AMBlurView.m */; };
		AED9C2911A2C3B38003D6741 /* MYBlurIntroductionView.m in Sources */ = {isa = PBXBuildFile; fileRef = AED9C28D1A2C3B38003D6741 /* MYBlurIntroductionView.m */; };
		AED9C2921A2C3B38003D6741 /* MYIntroductionPanel.m in Sources */ = {isa = PBXBuildFile; fileRef = AED9C28F1A2C3B38003D6741 /* MYIntroductionPanel.m */; };
		AED9C29A1A2C3BC2003D6741 /* TestHeader.xib in Resources */ = {isa = PBXBuildFile; fileRef = AED9C2951A2C3BC2003D6741 /* TestHeader.xib */; };
		AED9C29B1A2C3BC2003D6741 /* TestPanel3.xib in Resources */ = {isa = PBXBuildFile; fileRef = AED9C2961A2C3BC2003D6741 /* TestPanel3.xib */; };
		AED9C29C1A2C3BC2003D6741 /* MYCustomPanel.m in Sources */ = {isa = PBXBuildFile; fileRef = AED9C2981A2C3BC2003D6741 /* MYCustomPanel.m */; };
		AED9C29D1A2C3BC2003D6741 /* MYCustomPanel.xib in Resources */ = {isa = PBXBuildFile; fileRef = AED9C2991A2C3BC2003D6741 /* MYCustomPanel.xib */; };
		AED9C2A31A2C3D53003D6741 /* ForkImage.png in Resources */ = {isa = PBXBuildFile; fileRef = AED9C29F1A2C3D53003D6741 /* ForkImage.png */; };
		AED9C2A41A2C3D53003D6741 /* HeaderImage.png in Resources */ = {isa = PBXBuildFile; fileRef = AED9C2A01A2C3D53003D6741 /* HeaderImage.png */; };
		AED9C2A51A2C3D53003D6741 /* Toronto, ON.jpg in Resources */ = {isa = PBXBuildFile; fileRef = AED9C2A11A2C3D53003D6741 /* Toronto, ON.jpg */; };
		AED9C2A61A2C3D53003D6741 /* CheckMarkWhite.png in Resources */ = {isa = PBXBuildFile; fileRef = AED9C2A21A2C3D53003D6741 /* CheckMarkWhite.png */; };
		AED9DE2F1A30A88700305685 /* UIView+XCMultiSortTableView.m in Sources */ = {isa = PBXBuildFile; fileRef = AED9DE291A30A88700305685 /* UIView+XCMultiSortTableView.m */; };
		AED9DE301A30A88700305685 /* XCMultiSortTableView.m in Sources */ = {isa = PBXBuildFile; fileRef = AED9DE2B1A30A88700305685 /* XCMultiSortTableView.m */; };
		AED9DE311A30A88700305685 /* XCMultiSortTableViewBGScrollView.m in Sources */ = {isa = PBXBuildFile; fileRef = AED9DE2D1A30A88700305685 /* XCMultiSortTableViewBGScrollView.m */; };
		AEDAC73E1A2D914300B050E2 /* KindstarModel.xcdatamodeld in Sources */ = {isa = PBXBuildFile; fileRef = AEDAC73C1A2D914300B050E2 /* KindstarModel.xcdatamodeld */; };
		AEDAC74C1A2DCB9200B050E2 /* BusinessApp.m in Sources */ = {isa = PBXBuildFile; fileRef = AEDAC74B1A2DCB9200B050E2 /* BusinessApp.m */; };
		AEDAC74F1A2DCB9300B050E2 /* CheckOut.m in Sources */ = {isa = PBXBuildFile; fileRef = AEDAC74E1A2DCB9300B050E2 /* CheckOut.m */; };
		AEE4E71B1A2F17C000564347 /* CoreDateManager.m in Sources */ = {isa = PBXBuildFile; fileRef = AEE4E71A1A2F17C000564347 /* CoreDateManager.m */; };
		AEE4E71E1A2F186100564347 /* KSUserDal.m in Sources */ = {isa = PBXBuildFile; fileRef = AEE4E71D1A2F186100564347 /* KSUserDal.m */; };
		AEE877411A4C0C9A00F1F7B0 /* Tag.png in Resources */ = {isa = PBXBuildFile; fileRef = AEE877401A4C0C9A00F1F7B0 /* Tag.png */; };
		AEE877521A4C22AF00F1F7B0 /* MJRefreshBaseView.m in Sources */ = {isa = PBXBuildFile; fileRef = AEE877451A4C22AF00F1F7B0 /* MJRefreshBaseView.m */; };
		AEE877531A4C22AF00F1F7B0 /* MJRefreshConst.m in Sources */ = {isa = PBXBuildFile; fileRef = AEE877471A4C22AF00F1F7B0 /* MJRefreshConst.m */; };
		AEE877541A4C22AF00F1F7B0 /* MJRefreshFooterView.m in Sources */ = {isa = PBXBuildFile; fileRef = AEE877491A4C22AF00F1F7B0 /* MJRefreshFooterView.m */; };
		AEE877551A4C22AF00F1F7B0 /* MJRefreshHeaderView.m in Sources */ = {isa = PBXBuildFile; fileRef = AEE8774B1A4C22AF00F1F7B0 /* MJRefreshHeaderView.m */; };
		AEE877561A4C22AF00F1F7B0 /* UIScrollView+MJExtension.m in Sources */ = {isa = PBXBuildFile; fileRef = AEE8774D1A4C22AF00F1F7B0 /* UIScrollView+MJExtension.m */; };
		AEE877571A4C22AF00F1F7B0 /* UIScrollView+MJRefresh.m in Sources */ = {isa = PBXBuildFile; fileRef = AEE8774F1A4C22AF00F1F7B0 /* UIScrollView+MJRefresh.m */; };
		AEE877581A4C22AF00F1F7B0 /* UIView+MJExtension.m in Sources */ = {isa = PBXBuildFile; fileRef = AEE877511A4C22AF00F1F7B0 /* UIView+MJExtension.m */; };
		AEE8775B1A4D61C700F1F7B0 /* SrBase.m in Sources */ = {isa = PBXBuildFile; fileRef = AEE8775A1A4D61C700F1F7B0 /* SrBase.m */; };
		AEE8775E1A4D676B00F1F7B0 /* KSSrBaseDal.m in Sources */ = {isa = PBXBuildFile; fileRef = AEE8775D1A4D676B00F1F7B0 /* KSSrBaseDal.m */; };
		AEE877611A5A8A4100F1F7B0 /* KSSaleDayDetailViewController.m in Sources */ = {isa = PBXBuildFile; fileRef = AEE877601A5A8A4100F1F7B0 /* KSSaleDayDetailViewController.m */; };
		C161CA5A1AC7BFCB0015271B /* User.m in Sources */ = {isa = PBXBuildFile; fileRef = C161CA591AC7BFCB0015271B /* User.m */; };
		C161CA5D1AC7FE3C0015271B /* GDataXMLNode.m in Sources */ = {isa = PBXBuildFile; fileRef = C161CA5C1AC7FE3C0015271B /* GDataXMLNode.m */; settings = {COMPILER_FLAGS = "-fno-objc-arc"; }; };
		C161CA681AC80EBD0015271B /* FMDatabase.m in Sources */ = {isa = PBXBuildFile; fileRef = C161CA5F1AC80EBD0015271B /* FMDatabase.m */; };
		C161CA691AC80EBD0015271B /* FMDatabaseAdditions.m in Sources */ = {isa = PBXBuildFile; fileRef = C161CA611AC80EBD0015271B /* FMDatabaseAdditions.m */; };
		C161CA6A1AC80EBD0015271B /* FMDatabasePool.m in Sources */ = {isa = PBXBuildFile; fileRef = C161CA631AC80EBD0015271B /* FMDatabasePool.m */; settings = {COMPILER_FLAGS = "-fno-objc-arc"; }; };
		C161CA6B1AC80EBD0015271B /* FMDatabaseQueue.m in Sources */ = {isa = PBXBuildFile; fileRef = C161CA651AC80EBD0015271B /* FMDatabaseQueue.m */; settings = {COMPILER_FLAGS = "-fno-objc-arc"; }; };
		C161CA6C1AC80EBD0015271B /* FMResultSet.m in Sources */ = {isa = PBXBuildFile; fileRef = C161CA671AC80EBD0015271B /* FMResultSet.m */; };
		C161CA6E1AC810BE0015271B /* index_01.jpg in Resources */ = {isa = PBXBuildFile; fileRef = C161CA6D1AC810BE0015271B /* index_01.jpg */; };
/* End PBXBuildFile section */

/* Begin PBXContainerItemProxy section */
		AE5B307119EFCCC400E44365 /* PBXContainerItemProxy */ = {
			isa = PBXContainerItemProxy;
			containerPortal = AE5B304319EFCCC400E44365 /* Project object */;
			proxyType = 1;
			remoteGlobalIDString = AE5B304A19EFCCC400E44365;
			remoteInfo = BusinessApp;
		};
/* End PBXContainerItemProxy section */

/* Begin PBXFileReference section */
		AE0893311A0A08CD006D860F /* camera_disabled@2x.png */ = {isa = PBXFileReference; lastKnownFileType = image.png; path = "camera_disabled@2x.png"; sourceTree = "<group>"; };
		AE0893321A0A08CD006D860F /* camera_enabled@2x.png */ = {isa = PBXFileReference; lastKnownFileType = image.png; path = "camera_enabled@2x.png"; sourceTree = "<group>"; };
		AE0893331A0A08CD006D860F /* cloud_disabled@2x.png */ = {isa = PBXFileReference; lastKnownFileType = image.png; path = "cloud_disabled@2x.png"; sourceTree = "<group>"; };
		AE0893341A0A08CD006D860F /* cloud_enabled@2x.png */ = {isa = PBXFileReference; lastKnownFileType = image.png; path = "cloud_enabled@2x.png"; sourceTree = "<group>"; };
		AE0893351A0A08CD006D860F /* globe_disabled@2x.png */ = {isa = PBXFileReference; lastKnownFileType = image.png; path = "globe_disabled@2x.png"; sourceTree = "<group>"; };
		AE0893361A0A08CD006D860F /* globe_enabled@2x.png */ = {isa = PBXFileReference; lastKnownFileType = image.png; path = "globe_enabled@2x.png"; sourceTree = "<group>"; };
		AE0893371A0A08CD006D860F /* user_disabled@2x.png */ = {isa = PBXFileReference; lastKnownFileType = image.png; path = "user_disabled@2x.png"; sourceTree = "<group>"; };
		AE0893381A0A08CD006D860F /* user_enabled@2x.png */ = {isa = PBXFileReference; lastKnownFileType = image.png; path = "user_enabled@2x.png"; sourceTree = "<group>"; };
		AE0893391A0A08CD006D860F /* watch_disabled@2x.png */ = {isa = PBXFileReference; lastKnownFileType = image.png; path = "watch_disabled@2x.png"; sourceTree = "<group>"; };
		AE08933A1A0A08CD006D860F /* watch_enabled@2x.png */ = {isa = PBXFileReference; lastKnownFileType = image.png; path = "watch_enabled@2x.png"; sourceTree = "<group>"; };
		AE0893451A0A259F006D860F /* RKTabItem.h */ = {isa = PBXFileReference; fileEncoding = 4; lastKnownFileType = sourcecode.c.h; path = RKTabItem.h; sourceTree = "<group>"; };
		AE0893461A0A259F006D860F /* RKTabItem.m */ = {isa = PBXFileReference; fileEncoding = 4; lastKnownFileType = sourcecode.c.objc; path = RKTabItem.m; sourceTree = "<group>"; };
		AE0893471A0A259F006D860F /* RKTabView.h */ = {isa = PBXFileReference; fileEncoding = 4; lastKnownFileType = sourcecode.c.h; path = RKTabView.h; sourceTree = "<group>"; };
		AE0893481A0A259F006D860F /* RKTabView.m */ = {isa = PBXFileReference; fileEncoding = 4; lastKnownFileType = sourcecode.c.objc; path = RKTabView.m; sourceTree = "<group>"; };
		AE0AFE4619FD42B5008381B5 /* libsqlite3.dylib */ = {isa = PBXFileReference; lastKnownFileType = "compiled.mach-o.dylib"; name = libsqlite3.dylib; path = usr/lib/libsqlite3.dylib; sourceTree = SDKROOT; };
		AE0AFE5C19FD6687008381B5 /* KSDBManager.h */ = {isa = PBXFileReference; fileEncoding = 4; lastKnownFileType = sourcecode.c.h; path = KSDBManager.h; sourceTree = "<group>"; };
		AE0AFE5D19FD6687008381B5 /* KSDBManager.m */ = {isa = PBXFileReference; fileEncoding = 4; lastKnownFileType = sourcecode.c.objc; path = KSDBManager.m; sourceTree = "<group>"; };
		AE0AFE5F19FD7394008381B5 /* KSUser.h */ = {isa = PBXFileReference; fileEncoding = 4; lastKnownFileType = sourcecode.c.h; path = KSUser.h; sourceTree = "<group>"; };
		AE0AFE6019FD7394008381B5 /* KSUser.m */ = {isa = PBXFileReference; fileEncoding = 4; lastKnownFileType = sourcecode.c.objc; path = KSUser.m; sourceTree = "<group>"; };
		AE0AFE6219FD7441008381B5 /* KSUserDB.h */ = {isa = PBXFileReference; fileEncoding = 4; lastKnownFileType = sourcecode.c.h; path = KSUserDB.h; sourceTree = "<group>"; };
		AE0AFE6319FD7441008381B5 /* KSUserDB.m */ = {isa = PBXFileReference; fileEncoding = 4; lastKnownFileType = sourcecode.c.objc; path = KSUserDB.m; sourceTree = "<group>"; };
		AE0F66FE1A000D2500B94238 /* MBProgressHUD.h */ = {isa = PBXFileReference; fileEncoding = 4; lastKnownFileType = sourcecode.c.h; path = MBProgressHUD.h; sourceTree = "<group>"; };
		AE0F66FF1A000D2500B94238 /* MBProgressHUD.m */ = {isa = PBXFileReference; fileEncoding = 4; lastKnownFileType = sourcecode.c.objc; path = MBProgressHUD.m; sourceTree = "<group>"; };
		AE0F67011A07D5AB00B94238 /* blurred_background.png */ = {isa = PBXFileReference; lastKnownFileType = image.png; path = blurred_background.png; sourceTree = "<group>"; };
		AE25F5B119F5790900439FC2 /* CFNetwork.framework */ = {isa = PBXFileReference; lastKnownFileType = wrapper.framework; name = CFNetwork.framework; path = System/Library/Frameworks/CFNetwork.framework; sourceTree = SDKROOT; };
		AE25F5B219F5790900439FC2 /* libz.1.2.5.dylib */ = {isa = PBXFileReference; lastKnownFileType = "compiled.mach-o.dylib"; name = libz.1.2.5.dylib; path = usr/lib/libz.1.2.5.dylib; sourceTree = SDKROOT; };
		AE25F5B519F5792900439FC2 /* MobileCoreServices.framework */ = {isa = PBXFileReference; lastKnownFileType = wrapper.framework; name = MobileCoreServices.framework; path = System/Library/Frameworks/MobileCoreServices.framework; sourceTree = SDKROOT; };
		AE25F5B619F5792900439FC2 /* SystemConfiguration.framework */ = {isa = PBXFileReference; lastKnownFileType = wrapper.framework; name = SystemConfiguration.framework; path = System/Library/Frameworks/SystemConfiguration.framework; sourceTree = SDKROOT; };
		AE25F5BA19F57D9F00439FC2 /* ASIAuthenticationDialog.h */ = {isa = PBXFileReference; fileEncoding = 4; lastKnownFileType = sourcecode.c.h; path = ASIAuthenticationDialog.h; sourceTree = "<group>"; };
		AE25F5BB19F57D9F00439FC2 /* ASIAuthenticationDialog.m */ = {isa = PBXFileReference; fileEncoding = 4; lastKnownFileType = sourcecode.c.objc; path = ASIAuthenticationDialog.m; sourceTree = "<group>"; };
		AE25F5BC19F57D9F00439FC2 /* ASICacheDelegate.h */ = {isa = PBXFileReference; fileEncoding = 4; lastKnownFileType = sourcecode.c.h; path = ASICacheDelegate.h; sourceTree = "<group>"; };
		AE25F5BD19F57D9F00439FC2 /* ASIDownloadCache.h */ = {isa = PBXFileReference; fileEncoding = 4; lastKnownFileType = sourcecode.c.h; path = ASIDownloadCache.h; sourceTree = "<group>"; };
		AE25F5BE19F57D9F00439FC2 /* ASIDownloadCache.m */ = {isa = PBXFileReference; fileEncoding = 4; lastKnownFileType = sourcecode.c.objc; path = ASIDownloadCache.m; sourceTree = "<group>"; };
		AE25F5BF19F57D9F00439FC2 /* ASIFormDataRequest.h */ = {isa = PBXFileReference; fileEncoding = 4; lastKnownFileType = sourcecode.c.h; path = ASIFormDataRequest.h; sourceTree = "<group>"; };
		AE25F5C019F57D9F00439FC2 /* ASIFormDataRequest.m */ = {isa = PBXFileReference; fileEncoding = 4; lastKnownFileType = sourcecode.c.objc; path = ASIFormDataRequest.m; sourceTree = "<group>"; };
		AE25F5C119F57D9F00439FC2 /* ASIHttpHeaders.h */ = {isa = PBXFileReference; fileEncoding = 4; lastKnownFileType = sourcecode.c.h; path = ASIHttpHeaders.h; sourceTree = "<group>"; };
		AE25F5C219F57D9F00439FC2 /* ASIHTTPRequest.h */ = {isa = PBXFileReference; fileEncoding = 4; lastKnownFileType = sourcecode.c.h; path = ASIHTTPRequest.h; sourceTree = "<group>"; };
		AE25F5C319F57D9F00439FC2 /* ASIHTTPRequest.m */ = {isa = PBXFileReference; fileEncoding = 4; lastKnownFileType = sourcecode.c.objc; path = ASIHTTPRequest.m; sourceTree = "<group>"; };
		AE25F5C419F57D9F00439FC2 /* ASIHTTPRequestConfig.h */ = {isa = PBXFileReference; fileEncoding = 4; lastKnownFileType = sourcecode.c.h; path = ASIHTTPRequestConfig.h; sourceTree = "<group>"; };
		AE25F5C519F57D9F00439FC2 /* ASIHTTPRequestDelegate.h */ = {isa = PBXFileReference; fileEncoding = 4; lastKnownFileType = sourcecode.c.h; path = ASIHTTPRequestDelegate.h; sourceTree = "<group>"; };
		AE25F5C619F57D9F00439FC2 /* ASIInputStream.h */ = {isa = PBXFileReference; fileEncoding = 4; lastKnownFileType = sourcecode.c.h; path = ASIInputStream.h; sourceTree = "<group>"; };
		AE25F5C719F57D9F00439FC2 /* ASIInputStream.m */ = {isa = PBXFileReference; fileEncoding = 4; lastKnownFileType = sourcecode.c.objc; path = ASIInputStream.m; sourceTree = "<group>"; };
		AE25F5C819F57D9F00439FC2 /* ASINetworkQueue.h */ = {isa = PBXFileReference; fileEncoding = 4; lastKnownFileType = sourcecode.c.h; path = ASINetworkQueue.h; sourceTree = "<group>"; };
		AE25F5C919F57D9F00439FC2 /* ASINetworkQueue.m */ = {isa = PBXFileReference; fileEncoding = 4; lastKnownFileType = sourcecode.c.objc; path = ASINetworkQueue.m; sourceTree = "<group>"; };
		AE25F5CA19F57D9F00439FC2 /* ASIProgressDelegate.h */ = {isa = PBXFileReference; fileEncoding = 4; lastKnownFileType = sourcecode.c.h; path = ASIProgressDelegate.h; sourceTree = "<group>"; };
		AE25F5CB19F57D9F00439FC2 /* Reachability.h */ = {isa = PBXFileReference; fileEncoding = 4; lastKnownFileType = sourcecode.c.h; path = Reachability.h; sourceTree = "<group>"; };
		AE25F5CC19F57D9F00439FC2 /* Reachability.m */ = {isa = PBXFileReference; fileEncoding = 4; lastKnownFileType = sourcecode.c.objc; path = Reachability.m; sourceTree = "<group>"; };
		AE25F60319F5803000439FC2 /* libxml2.2.dylib */ = {isa = PBXFileReference; lastKnownFileType = "compiled.mach-o.dylib"; name = libxml2.2.dylib; path = usr/lib/libxml2.2.dylib; sourceTree = SDKROOT; };
		AE25F60519F581E800439FC2 /* libz.dylib */ = {isa = PBXFileReference; lastKnownFileType = "compiled.mach-o.dylib"; name = libz.dylib; path = usr/lib/libz.dylib; sourceTree = SDKROOT; };
		AE5B304B19EFCCC400E44365 /* BusinessApp.app */ = {isa = PBXFileReference; explicitFileType = wrapper.application; includeInIndex = 0; path = BusinessApp.app; sourceTree = BUILT_PRODUCTS_DIR; };
		AE5B304E19EFCCC400E44365 /* Foundation.framework */ = {isa = PBXFileReference; lastKnownFileType = wrapper.framework; name = Foundation.framework; path = System/Library/Frameworks/Foundation.framework; sourceTree = SDKROOT; };
		AE5B305019EFCCC400E44365 /* CoreGraphics.framework */ = {isa = PBXFileReference; lastKnownFileType = wrapper.framework; name = CoreGraphics.framework; path = System/Library/Frameworks/CoreGraphics.framework; sourceTree = SDKROOT; };
		AE5B305219EFCCC400E44365 /* UIKit.framework */ = {isa = PBXFileReference; lastKnownFileType = wrapper.framework; name = UIKit.framework; path = System/Library/Frameworks/UIKit.framework; sourceTree = SDKROOT; };
		AE5B305619EFCCC400E44365 /* BusinessApp-Info.plist */ = {isa = PBXFileReference; lastKnownFileType = text.plist.xml; path = "BusinessApp-Info.plist"; sourceTree = "<group>"; };
		AE5B305819EFCCC400E44365 /* en */ = {isa = PBXFileReference; lastKnownFileType = text.plist.strings; name = en; path = en.lproj/InfoPlist.strings; sourceTree = "<group>"; };
		AE5B305A19EFCCC400E44365 /* main.m */ = {isa = PBXFileReference; lastKnownFileType = sourcecode.c.objc; path = main.m; sourceTree = "<group>"; };
		AE5B305C19EFCCC400E44365 /* BusinessApp-Prefix.pch */ = {isa = PBXFileReference; lastKnownFileType = sourcecode.c.h; path = "BusinessApp-Prefix.pch"; sourceTree = "<group>"; };
		AE5B305D19EFCCC400E44365 /* KSAppDelegate.h */ = {isa = PBXFileReference; lastKnownFileType = sourcecode.c.h; path = KSAppDelegate.h; sourceTree = "<group>"; };
		AE5B305E19EFCCC400E44365 /* KSAppDelegate.m */ = {isa = PBXFileReference; lastKnownFileType = sourcecode.c.objc; path = KSAppDelegate.m; sourceTree = "<group>"; };
		AE5B306119EFCCC400E44365 /* Base */ = {isa = PBXFileReference; lastKnownFileType = file.storyboard; name = Base; path = Base.lproj/Main.storyboard; sourceTree = "<group>"; };
		AE5B306319EFCCC400E44365 /* KSViewController.h */ = {isa = PBXFileReference; lastKnownFileType = sourcecode.c.h; path = KSViewController.h; sourceTree = "<group>"; };
		AE5B306419EFCCC400E44365 /* KSViewController.m */ = {isa = PBXFileReference; lastKnownFileType = sourcecode.c.objc; path = KSViewController.m; sourceTree = "<group>"; };
		AE5B306619EFCCC400E44365 /* Images.xcassets */ = {isa = PBXFileReference; lastKnownFileType = folder.assetcatalog; path = Images.xcassets; sourceTree = "<group>"; };
		AE5B306C19EFCCC400E44365 /* BusinessAppTests.xctest */ = {isa = PBXFileReference; explicitFileType = wrapper.cfbundle; includeInIndex = 0; path = BusinessAppTests.xctest; sourceTree = BUILT_PRODUCTS_DIR; };
		AE5B306D19EFCCC400E44365 /* XCTest.framework */ = {isa = PBXFileReference; lastKnownFileType = wrapper.framework; name = XCTest.framework; path = Library/Frameworks/XCTest.framework; sourceTree = DEVELOPER_DIR; };
		AE5B307519EFCCC400E44365 /* BusinessAppTests-Info.plist */ = {isa = PBXFileReference; lastKnownFileType = text.plist.xml; path = "BusinessAppTests-Info.plist"; sourceTree = "<group>"; };
		AE5B307719EFCCC400E44365 /* en */ = {isa = PBXFileReference; lastKnownFileType = text.plist.strings; name = en; path = en.lproj/InfoPlist.strings; sourceTree = "<group>"; };
		AE5B307919EFCCC400E44365 /* BusinessAppTests.m */ = {isa = PBXFileReference; lastKnownFileType = sourcecode.c.objc; path = BusinessAppTests.m; sourceTree = "<group>"; };
		AE73E1FC19FA207900292837 /* KSMainViewController.h */ = {isa = PBXFileReference; fileEncoding = 4; lastKnownFileType = sourcecode.c.h; path = KSMainViewController.h; sourceTree = "<group>"; };
		AE73E1FD19FA207900292837 /* KSMainViewController.m */ = {isa = PBXFileReference; fileEncoding = 4; lastKnownFileType = sourcecode.c.objc; path = KSMainViewController.m; sourceTree = "<group>"; };
		AEAD4CEE19FF8ED60078F89F /* KSLogedViewController.h */ = {isa = PBXFileReference; fileEncoding = 4; lastKnownFileType = sourcecode.c.h; path = KSLogedViewController.h; sourceTree = "<group>"; };
		AEAD4CEF19FF8ED60078F89F /* KSLogedViewController.m */ = {isa = PBXFileReference; fileEncoding = 4; lastKnownFileType = sourcecode.c.objc; path = KSLogedViewController.m; sourceTree = "<group>"; };
		AECE59C71A1CF06A0033DC9F /* BEMAnimations.h */ = {isa = PBXFileReference; fileEncoding = 4; lastKnownFileType = sourcecode.c.h; path = BEMAnimations.h; sourceTree = "<group>"; };
		AECE59C81A1CF06A0033DC9F /* BEMAnimations.m */ = {isa = PBXFileReference; fileEncoding = 4; lastKnownFileType = sourcecode.c.objc; path = BEMAnimations.m; sourceTree = "<group>"; };
		AECE59C91A1CF06A0033DC9F /* BEMCircle.h */ = {isa = PBXFileReference; fileEncoding = 4; lastKnownFileType = sourcecode.c.h; path = BEMCircle.h; sourceTree = "<group>"; };
		AECE59CA1A1CF06A0033DC9F /* BEMCircle.m */ = {isa = PBXFileReference; fileEncoding = 4; lastKnownFileType = sourcecode.c.objc; path = BEMCircle.m; sourceTree = "<group>"; };
		AECE59CB1A1CF06A0033DC9F /* BEMLine.h */ = {isa = PBXFileReference; fileEncoding = 4; lastKnownFileType = sourcecode.c.h; path = BEMLine.h; sourceTree = "<group>"; };
		AECE59CC1A1CF06A0033DC9F /* BEMLine.m */ = {isa = PBXFileReference; fileEncoding = 4; lastKnownFileType = sourcecode.c.objc; path = BEMLine.m; sourceTree = "<group>"; };
		AECE59CD1A1CF06A0033DC9F /* BEMSimpleLineGraphView.h */ = {isa = PBXFileReference; fileEncoding = 4; lastKnownFileType = sourcecode.c.h; path = BEMSimpleLineGraphView.h; sourceTree = "<group>"; };
		AECE59CE1A1CF06A0033DC9F /* BEMSimpleLineGraphView.m */ = {isa = PBXFileReference; fileEncoding = 4; lastKnownFileType = sourcecode.c.objc; path = BEMSimpleLineGraphView.m; sourceTree = "<group>"; };
		AED008DC1A4423F300EFF3E0 /* KSSaleDayViewController.h */ = {isa = PBXFileReference; fileEncoding = 4; lastKnownFileType = sourcecode.c.h; name = KSSaleDayViewController.h; path = ../KSSaleDayViewController.h; sourceTree = "<group>"; };
		AED008DD1A4423F300EFF3E0 /* KSSaleDayViewController.m */ = {isa = PBXFileReference; fileEncoding = 4; lastKnownFileType = sourcecode.c.objc; name = KSSaleDayViewController.m; path = ../KSSaleDayViewController.m; sourceTree = "<group>"; };
		AED008DF1A49790C00EFF3E0 /* MonthTotal.h */ = {isa = PBXFileReference; fileEncoding = 4; lastKnownFileType = sourcecode.c.h; path = MonthTotal.h; sourceTree = "<group>"; };
		AED008E01A49790C00EFF3E0 /* MonthTotal.m */ = {isa = PBXFileReference; fileEncoding = 4; lastKnownFileType = sourcecode.c.objc; path = MonthTotal.m; sourceTree = "<group>"; };
		AED008E21A497EFE00EFF3E0 /* KSMonthTotalDal.h */ = {isa = PBXFileReference; fileEncoding = 4; lastKnownFileType = sourcecode.c.h; path = KSMonthTotalDal.h; sourceTree = "<group>"; };
		AED008E31A497EFE00EFF3E0 /* KSMonthTotalDal.m */ = {isa = PBXFileReference; fileEncoding = 4; lastKnownFileType = sourcecode.c.objc; path = KSMonthTotalDal.m; sourceTree = "<group>"; };
		AED165781A65003D0028B894 /* MonthTotalHeader.h */ = {isa = PBXFileReference; fileEncoding = 4; lastKnownFileType = sourcecode.c.h; path = MonthTotalHeader.h; sourceTree = "<group>"; };
		AED165791A65003D0028B894 /* MonthTotalHeader.m */ = {isa = PBXFileReference; fileEncoding = 4; lastKnownFileType = sourcecode.c.objc; path = MonthTotalHeader.m; sourceTree = "<group>"; };
		AED1657A1A65003D0028B894 /* MonthTotalHeader.xib */ = {isa = PBXFileReference; fileEncoding = 4; lastKnownFileType = file.xib; path = MonthTotalHeader.xib; sourceTree = "<group>"; };
		AED834151A14FF5F008B151E /* KSLineViewController.h */ = {isa = PBXFileReference; fileEncoding = 4; lastKnownFileType = sourcecode.c.h; name = KSLineViewController.h; path = ../KSLineViewController.h; sourceTree = "<group>"; };
		AED834161A14FF5F008B151E /* KSLineViewController.m */ = {isa = PBXFileReference; fileEncoding = 4; lastKnownFileType = sourcecode.c.objc; name = KSLineViewController.m; path = ../KSLineViewController.m; sourceTree = "<group>"; };
		AED94A461A4B08CB00780EAD /* MonthTotalCell.h */ = {isa = PBXFileReference; fileEncoding = 4; lastKnownFileType = sourcecode.c.h; path = MonthTotalCell.h; sourceTree = "<group>"; };
		AED94A471A4B08CB00780EAD /* MonthTotalCell.m */ = {isa = PBXFileReference; fileEncoding = 4; lastKnownFileType = sourcecode.c.objc; path = MonthTotalCell.m; sourceTree = "<group>"; };
		AED94A481A4B08CB00780EAD /* MonthTotalCell.xib */ = {isa = PBXFileReference; fileEncoding = 4; lastKnownFileType = file.xib; path = MonthTotalCell.xib; sourceTree = "<group>"; };
		AED9C2871A25833B003D6741 /* KSWebAccess.h */ = {isa = PBXFileReference; fileEncoding = 4; lastKnownFileType = sourcecode.c.h; path = KSWebAccess.h; sourceTree = "<group>"; };
		AED9C2881A25833B003D6741 /* KSWebAccess.m */ = {isa = PBXFileReference; fileEncoding = 4; lastKnownFileType = sourcecode.c.objc; path = KSWebAccess.m; sourceTree = "<group>"; };
		AED9C28A1A2C3B38003D6741 /* AMBlurView.h */ = {isa = PBXFileReference; fileEncoding = 4; lastKnownFileType = sourcecode.c.h; path = AMBlurView.h; sourceTree = "<group>"; };
		AED9C28B1A2C3B38003D6741 /* AMBlurView.m */ = {isa = PBXFileReference; fileEncoding = 4; lastKnownFileType = sourcecode.c.objc; path = AMBlurView.m; sourceTree = "<group>"; };
		AED9C28C1A2C3B38003D6741 /* MYBlurIntroductionView.h */ = {isa = PBXFileReference; fileEncoding = 4; lastKnownFileType = sourcecode.c.h; path = MYBlurIntroductionView.h; sourceTree = "<group>"; };
		AED9C28D1A2C3B38003D6741 /* MYBlurIntroductionView.m */ = {isa = PBXFileReference; fileEncoding = 4; lastKnownFileType = sourcecode.c.objc; path = MYBlurIntroductionView.m; sourceTree = "<group>"; };
		AED9C28E1A2C3B38003D6741 /* MYIntroductionPanel.h */ = {isa = PBXFileReference; fileEncoding = 4; lastKnownFileType = sourcecode.c.h; path = MYIntroductionPanel.h; sourceTree = "<group>"; };
		AED9C28F1A2C3B38003D6741 /* MYIntroductionPanel.m */ = {isa = PBXFileReference; fileEncoding = 4; lastKnownFileType = sourcecode.c.objc; path = MYIntroductionPanel.m; sourceTree = "<group>"; };
		AED9C2951A2C3BC2003D6741 /* TestHeader.xib */ = {isa = PBXFileReference; fileEncoding = 4; lastKnownFileType = file.xib; path = TestHeader.xib; sourceTree = "<group>"; };
		AED9C2961A2C3BC2003D6741 /* TestPanel3.xib */ = {isa = PBXFileReference; fileEncoding = 4; lastKnownFileType = file.xib; path = TestPanel3.xib; sourceTree = "<group>"; };
		AED9C2971A2C3BC2003D6741 /* MYCustomPanel.h */ = {isa = PBXFileReference; fileEncoding = 4; lastKnownFileType = sourcecode.c.h; path = MYCustomPanel.h; sourceTree = "<group>"; };
		AED9C2981A2C3BC2003D6741 /* MYCustomPanel.m */ = {isa = PBXFileReference; fileEncoding = 4; lastKnownFileType = sourcecode.c.objc; path = MYCustomPanel.m; sourceTree = "<group>"; };
		AED9C2991A2C3BC2003D6741 /* MYCustomPanel.xib */ = {isa = PBXFileReference; fileEncoding = 4; lastKnownFileType = file.xib; path = MYCustomPanel.xib; sourceTree = "<group>"; };
		AED9C29F1A2C3D53003D6741 /* ForkImage.png */ = {isa = PBXFileReference; lastKnownFileType = image.png; path = ForkImage.png; sourceTree = "<group>"; };
		AED9C2A01A2C3D53003D6741 /* HeaderImage.png */ = {isa = PBXFileReference; lastKnownFileType = image.png; path = HeaderImage.png; sourceTree = "<group>"; };
		AED9C2A11A2C3D53003D6741 /* Toronto, ON.jpg */ = {isa = PBXFileReference; lastKnownFileType = image.jpeg; path = "Toronto, ON.jpg"; sourceTree = "<group>"; };
		AED9C2A21A2C3D53003D6741 /* CheckMarkWhite.png */ = {isa = PBXFileReference; lastKnownFileType = image.png; path = CheckMarkWhite.png; sourceTree = "<group>"; };
		AED9DE281A30A88700305685 /* UIView+XCMultiSortTableView.h */ = {isa = PBXFileReference; fileEncoding = 4; lastKnownFileType = sourcecode.c.h; path = "UIView+XCMultiSortTableView.h"; sourceTree = "<group>"; };
		AED9DE291A30A88700305685 /* UIView+XCMultiSortTableView.m */ = {isa = PBXFileReference; fileEncoding = 4; lastKnownFileType = sourcecode.c.objc; path = "UIView+XCMultiSortTableView.m"; sourceTree = "<group>"; };
		AED9DE2A1A30A88700305685 /* XCMultiSortTableView.h */ = {isa = PBXFileReference; fileEncoding = 4; lastKnownFileType = sourcecode.c.h; path = XCMultiSortTableView.h; sourceTree = "<group>"; };
		AED9DE2B1A30A88700305685 /* XCMultiSortTableView.m */ = {isa = PBXFileReference; fileEncoding = 4; lastKnownFileType = sourcecode.c.objc; path = XCMultiSortTableView.m; sourceTree = "<group>"; };
		AED9DE2C1A30A88700305685 /* XCMultiSortTableViewBGScrollView.h */ = {isa = PBXFileReference; fileEncoding = 4; lastKnownFileType = sourcecode.c.h; path = XCMultiSortTableViewBGScrollView.h; sourceTree = "<group>"; };
		AED9DE2D1A30A88700305685 /* XCMultiSortTableViewBGScrollView.m */ = {isa = PBXFileReference; fileEncoding = 4; lastKnownFileType = sourcecode.c.objc; path = XCMultiSortTableViewBGScrollView.m; sourceTree = "<group>"; };
		AED9DE2E1A30A88700305685 /* XCMultiSortTableViewDefault.h */ = {isa = PBXFileReference; fileEncoding = 4; lastKnownFileType = sourcecode.c.h; path = XCMultiSortTableViewDefault.h; sourceTree = "<group>"; };
		AEDAC73D1A2D914300B050E2 /* KindstarModel.xcdatamodel */ = {isa = PBXFileReference; lastKnownFileType = wrapper.xcdatamodel; path = KindstarModel.xcdatamodel; sourceTree = "<group>"; };
		AEDAC74A1A2DCB9200B050E2 /* BusinessApp.h */ = {isa = PBXFileReference; fileEncoding = 4; lastKnownFileType = sourcecode.c.h; path = BusinessApp.h; sourceTree = SOURCE_ROOT; };
		AEDAC74B1A2DCB9200B050E2 /* BusinessApp.m */ = {isa = PBXFileReference; fileEncoding = 4; lastKnownFileType = sourcecode.c.objc; path = BusinessApp.m; sourceTree = SOURCE_ROOT; };
		AEDAC74D1A2DCB9300B050E2 /* CheckOut.h */ = {isa = PBXFileReference; fileEncoding = 4; lastKnownFileType = sourcecode.c.h; path = CheckOut.h; sourceTree = "<group>"; };
		AEDAC74E1A2DCB9300B050E2 /* CheckOut.m */ = {isa = PBXFileReference; fileEncoding = 4; lastKnownFileType = sourcecode.c.objc; path = CheckOut.m; sourceTree = "<group>"; };
		AEE4E7191A2F17C000564347 /* CoreDateManager.h */ = {isa = PBXFileReference; fileEncoding = 4; lastKnownFileType = sourcecode.c.h; path = CoreDateManager.h; sourceTree = "<group>"; };
		AEE4E71A1A2F17C000564347 /* CoreDateManager.m */ = {isa = PBXFileReference; fileEncoding = 4; lastKnownFileType = sourcecode.c.objc; path = CoreDateManager.m; sourceTree = "<group>"; };
		AEE4E71C1A2F186100564347 /* KSUserDal.h */ = {isa = PBXFileReference; fileEncoding = 4; lastKnownFileType = sourcecode.c.h; path = KSUserDal.h; sourceTree = "<group>"; };
		AEE4E71D1A2F186100564347 /* KSUserDal.m */ = {isa = PBXFileReference; fileEncoding = 4; lastKnownFileType = sourcecode.c.objc; path = KSUserDal.m; sourceTree = "<group>"; };
		AEE877401A4C0C9A00F1F7B0 /* Tag.png */ = {isa = PBXFileReference; lastKnownFileType = image.png; path = Tag.png; sourceTree = "<group>"; };
		AEE877431A4C22AF00F1F7B0 /* MJRefresh.h */ = {isa = PBXFileReference; fileEncoding = 4; lastKnownFileType = sourcecode.c.h; path = MJRefresh.h; sourceTree = "<group>"; };
		AEE877441A4C22AF00F1F7B0 /* MJRefreshBaseView.h */ = {isa = PBXFileReference; fileEncoding = 4; lastKnownFileType = sourcecode.c.h; path = MJRefreshBaseView.h; sourceTree = "<group>"; };
		AEE877451A4C22AF00F1F7B0 /* MJRefreshBaseView.m */ = {isa = PBXFileReference; fileEncoding = 4; lastKnownFileType = sourcecode.c.objc; path = MJRefreshBaseView.m; sourceTree = "<group>"; };
		AEE877461A4C22AF00F1F7B0 /* MJRefreshConst.h */ = {isa = PBXFileReference; fileEncoding = 4; lastKnownFileType = sourcecode.c.h; path = MJRefreshConst.h; sourceTree = "<group>"; };
		AEE877471A4C22AF00F1F7B0 /* MJRefreshConst.m */ = {isa = PBXFileReference; fileEncoding = 4; lastKnownFileType = sourcecode.c.objc; path = MJRefreshConst.m; sourceTree = "<group>"; };
		AEE877481A4C22AF00F1F7B0 /* MJRefreshFooterView.h */ = {isa = PBXFileReference; fileEncoding = 4; lastKnownFileType = sourcecode.c.h; path = MJRefreshFooterView.h; sourceTree = "<group>"; };
		AEE877491A4C22AF00F1F7B0 /* MJRefreshFooterView.m */ = {isa = PBXFileReference; fileEncoding = 4; lastKnownFileType = sourcecode.c.objc; path = MJRefreshFooterView.m; sourceTree = "<group>"; };
		AEE8774A1A4C22AF00F1F7B0 /* MJRefreshHeaderView.h */ = {isa = PBXFileReference; fileEncoding = 4; lastKnownFileType = sourcecode.c.h; path = MJRefreshHeaderView.h; sourceTree = "<group>"; };
		AEE8774B1A4C22AF00F1F7B0 /* MJRefreshHeaderView.m */ = {isa = PBXFileReference; fileEncoding = 4; lastKnownFileType = sourcecode.c.objc; path = MJRefreshHeaderView.m; sourceTree = "<group>"; };
		AEE8774C1A4C22AF00F1F7B0 /* UIScrollView+MJExtension.h */ = {isa = PBXFileReference; fileEncoding = 4; lastKnownFileType = sourcecode.c.h; path = "UIScrollView+MJExtension.h"; sourceTree = "<group>"; };
		AEE8774D1A4C22AF00F1F7B0 /* UIScrollView+MJExtension.m */ = {isa = PBXFileReference; fileEncoding = 4; lastKnownFileType = sourcecode.c.objc; path = "UIScrollView+MJExtension.m"; sourceTree = "<group>"; };
		AEE8774E1A4C22AF00F1F7B0 /* UIScrollView+MJRefresh.h */ = {isa = PBXFileReference; fileEncoding = 4; lastKnownFileType = sourcecode.c.h; path = "UIScrollView+MJRefresh.h"; sourceTree = "<group>"; };
		AEE8774F1A4C22AF00F1F7B0 /* UIScrollView+MJRefresh.m */ = {isa = PBXFileReference; fileEncoding = 4; lastKnownFileType = sourcecode.c.objc; path = "UIScrollView+MJRefresh.m"; sourceTree = "<group>"; };
		AEE877501A4C22AF00F1F7B0 /* UIView+MJExtension.h */ = {isa = PBXFileReference; fileEncoding = 4; lastKnownFileType = sourcecode.c.h; path = "UIView+MJExtension.h"; sourceTree = "<group>"; };
		AEE877511A4C22AF00F1F7B0 /* UIView+MJExtension.m */ = {isa = PBXFileReference; fileEncoding = 4; lastKnownFileType = sourcecode.c.objc; path = "UIView+MJExtension.m"; sourceTree = "<group>"; };
		AEE877591A4D61C700F1F7B0 /* SrBase.h */ = {isa = PBXFileReference; fileEncoding = 4; lastKnownFileType = sourcecode.c.h; path = SrBase.h; sourceTree = "<group>"; };
		AEE8775A1A4D61C700F1F7B0 /* SrBase.m */ = {isa = PBXFileReference; fileEncoding = 4; lastKnownFileType = sourcecode.c.objc; path = SrBase.m; sourceTree = "<group>"; };
		AEE8775C1A4D676B00F1F7B0 /* KSSrBaseDal.h */ = {isa = PBXFileReference; fileEncoding = 4; lastKnownFileType = sourcecode.c.h; path = KSSrBaseDal.h; sourceTree = "<group>"; };
		AEE8775D1A4D676B00F1F7B0 /* KSSrBaseDal.m */ = {isa = PBXFileReference; fileEncoding = 4; lastKnownFileType = sourcecode.c.objc; path = KSSrBaseDal.m; sourceTree = "<group>"; };
		AEE8775F1A5A8A4100F1F7B0 /* KSSaleDayDetailViewController.h */ = {isa = PBXFileReference; fileEncoding = 4; lastKnownFileType = sourcecode.c.h; path = KSSaleDayDetailViewController.h; sourceTree = "<group>"; };
		AEE877601A5A8A4100F1F7B0 /* KSSaleDayDetailViewController.m */ = {isa = PBXFileReference; fileEncoding = 4; lastKnownFileType = sourcecode.c.objc; path = KSSaleDayDetailViewController.m; sourceTree = "<group>"; };
		C161CA581AC7BFCB0015271B /* User.h */ = {isa = PBXFileReference; fileEncoding = 4; lastKnownFileType = sourcecode.c.h; path = User.h; sourceTree = "<group>"; };
		C161CA591AC7BFCB0015271B /* User.m */ = {isa = PBXFileReference; fileEncoding = 4; lastKnownFileType = sourcecode.c.objc; path = User.m; sourceTree = "<group>"; };
		C161CA5B1AC7FE3B0015271B /* GDataXMLNode.h */ = {isa = PBXFileReference; fileEncoding = 4; lastKnownFileType = sourcecode.c.h; path = GDataXMLNode.h; sourceTree = "<group>"; };
		C161CA5C1AC7FE3C0015271B /* GDataXMLNode.m */ = {isa = PBXFileReference; fileEncoding = 4; lastKnownFileType = sourcecode.c.objc; path = GDataXMLNode.m; sourceTree = "<group>"; };
		C161CA5E1AC80EBD0015271B /* FMDatabase.h */ = {isa = PBXFileReference; fileEncoding = 4; lastKnownFileType = sourcecode.c.h; path = FMDatabase.h; sourceTree = "<group>"; };
		C161CA5F1AC80EBD0015271B /* FMDatabase.m */ = {isa = PBXFileReference; fileEncoding = 4; lastKnownFileType = sourcecode.c.objc; path = FMDatabase.m; sourceTree = "<group>"; };
		C161CA601AC80EBD0015271B /* FMDatabaseAdditions.h */ = {isa = PBXFileReference; fileEncoding = 4; lastKnownFileType = sourcecode.c.h; path = FMDatabaseAdditions.h; sourceTree = "<group>"; };
		C161CA611AC80EBD0015271B /* FMDatabaseAdditions.m */ = {isa = PBXFileReference; fileEncoding = 4; lastKnownFileType = sourcecode.c.objc; path = FMDatabaseAdditions.m; sourceTree = "<group>"; };
		C161CA621AC80EBD0015271B /* FMDatabasePool.h */ = {isa = PBXFileReference; fileEncoding = 4; lastKnownFileType = sourcecode.c.h; path = FMDatabasePool.h; sourceTree = "<group>"; };
		C161CA631AC80EBD0015271B /* FMDatabasePool.m */ = {isa = PBXFileReference; fileEncoding = 4; lastKnownFileType = sourcecode.c.objc; path = FMDatabasePool.m; sourceTree = "<group>"; };
		C161CA641AC80EBD0015271B /* FMDatabaseQueue.h */ = {isa = PBXFileReference; fileEncoding = 4; lastKnownFileType = sourcecode.c.h; path = FMDatabaseQueue.h; sourceTree = "<group>"; };
		C161CA651AC80EBD0015271B /* FMDatabaseQueue.m */ = {isa = PBXFileReference; fileEncoding = 4; lastKnownFileType = sourcecode.c.objc; path = FMDatabaseQueue.m; sourceTree = "<group>"; };
		C161CA661AC80EBD0015271B /* FMResultSet.h */ = {isa = PBXFileReference; fileEncoding = 4; lastKnownFileType = sourcecode.c.h; path = FMResultSet.h; sourceTree = "<group>"; };
		C161CA671AC80EBD0015271B /* FMResultSet.m */ = {isa = PBXFileReference; fileEncoding = 4; lastKnownFileType = sourcecode.c.objc; path = FMResultSet.m; sourceTree = "<group>"; };
		C161CA6D1AC810BE0015271B /* index_01.jpg */ = {isa = PBXFileReference; lastKnownFileType = image.jpeg; path = index_01.jpg; sourceTree = "<group>"; };
/* End PBXFileReference section */

/* Begin PBXFrameworksBuildPhase section */
		AE5B304819EFCCC400E44365 /* Frameworks */ = {
			isa = PBXFrameworksBuildPhase;
			buildActionMask = 2147483647;
			files = (
				AE0AFE4719FD42B5008381B5 /* libsqlite3.dylib in Frameworks */,
				AE25F60619F581E800439FC2 /* libz.dylib in Frameworks */,
				AE25F60419F5803000439FC2 /* libxml2.2.dylib in Frameworks */,
				AE25F5B719F5792900439FC2 /* MobileCoreServices.framework in Frameworks */,
				AE25F5B819F5792900439FC2 /* SystemConfiguration.framework in Frameworks */,
				AE25F5B319F5790900439FC2 /* CFNetwork.framework in Frameworks */,
				AE25F5B419F5790900439FC2 /* libz.1.2.5.dylib in Frameworks */,
				AE5B305119EFCCC400E44365 /* CoreGraphics.framework in Frameworks */,
				AE5B305319EFCCC400E44365 /* UIKit.framework in Frameworks */,
				AE5B304F19EFCCC400E44365 /* Foundation.framework in Frameworks */,
			);
			runOnlyForDeploymentPostprocessing = 0;
		};
		AE5B306919EFCCC400E44365 /* Frameworks */ = {
			isa = PBXFrameworksBuildPhase;
			buildActionMask = 2147483647;
			files = (
				AE5B306E19EFCCC400E44365 /* XCTest.framework in Frameworks */,
				AE5B307019EFCCC400E44365 /* UIKit.framework in Frameworks */,
				AE5B306F19EFCCC400E44365 /* Foundation.framework in Frameworks */,
			);
			runOnlyForDeploymentPostprocessing = 0;
		};
/* End PBXFrameworksBuildPhase section */

/* Begin PBXGroup section */
		AE0893291A0A00FF006D860F /* RKTabView */ = {
			isa = PBXGroup;
			children = (
				AE0893451A0A259F006D860F /* RKTabItem.h */,
				AE0893461A0A259F006D860F /* RKTabItem.m */,
				AE0893471A0A259F006D860F /* RKTabView.h */,
				AE0893481A0A259F006D860F /* RKTabView.m */,
			);
			name = RKTabView;
			sourceTree = "<group>";
		};
		AE0893301A0A0792006D860F /* Resources */ = {
			isa = PBXGroup;
			children = (
				AE0893311A0A08CD006D860F /* camera_disabled@2x.png */,
				AE0893321A0A08CD006D860F /* camera_enabled@2x.png */,
				AE0893331A0A08CD006D860F /* cloud_disabled@2x.png */,
				AE0893341A0A08CD006D860F /* cloud_enabled@2x.png */,
				AE0893351A0A08CD006D860F /* globe_disabled@2x.png */,
				AE0893361A0A08CD006D860F /* globe_enabled@2x.png */,
				AE0893371A0A08CD006D860F /* user_disabled@2x.png */,
				AE0893381A0A08CD006D860F /* user_enabled@2x.png */,
				AE0893391A0A08CD006D860F /* watch_disabled@2x.png */,
				AE08933A1A0A08CD006D860F /* watch_enabled@2x.png */,
				AEDAC73C1A2D914300B050E2 /* KindstarModel.xcdatamodeld */,
				AEDAC74D1A2DCB9300B050E2 /* CheckOut.h */,
				AEDAC74E1A2DCB9300B050E2 /* CheckOut.m */,
				AEDAC74A1A2DCB9200B050E2 /* BusinessApp.h */,
				AEDAC74B1A2DCB9200B050E2 /* BusinessApp.m */,
			);
			name = Resources;
			sourceTree = "<group>";
		};
		AE0AFE4219FA5DB0008381B5 /* GXML */ = {
			isa = PBXGroup;
			children = (
				C161CA5B1AC7FE3B0015271B /* GDataXMLNode.h */,
				C161CA5C1AC7FE3C0015271B /* GDataXMLNode.m */,
			);
			name = GXML;
			sourceTree = "<group>";
		};
		AE0AFE4819FD56D9008381B5 /* DataBase */ = {
			isa = PBXGroup;
			children = (
				AE0AFE5C19FD6687008381B5 /* KSDBManager.h */,
				AE0AFE5D19FD6687008381B5 /* KSDBManager.m */,
				AE0AFE5F19FD7394008381B5 /* KSUser.h */,
				AE0AFE6019FD7394008381B5 /* KSUser.m */,
				AE0AFE6219FD7441008381B5 /* KSUserDB.h */,
				AE0AFE6319FD7441008381B5 /* KSUserDB.m */,
				AED008DF1A49790C00EFF3E0 /* MonthTotal.h */,
				AED008E01A49790C00EFF3E0 /* MonthTotal.m */,
				AEE877591A4D61C700F1F7B0 /* SrBase.h */,
				AEE8775A1A4D61C700F1F7B0 /* SrBase.m */,
				C161CA581AC7BFCB0015271B /* User.h */,
				C161CA591AC7BFCB0015271B /* User.m */,
			);
			name = DataBase;
			sourceTree = "<group>";
		};
		AE0AFE4C19FD657B008381B5 /* FMDB */ = {
			isa = PBXGroup;
			children = (
				C161CA5E1AC80EBD0015271B /* FMDatabase.h */,
				C161CA5F1AC80EBD0015271B /* FMDatabase.m */,
				C161CA601AC80EBD0015271B /* FMDatabaseAdditions.h */,
				C161CA611AC80EBD0015271B /* FMDatabaseAdditions.m */,
				C161CA621AC80EBD0015271B /* FMDatabasePool.h */,
				C161CA631AC80EBD0015271B /* FMDatabasePool.m */,
				C161CA641AC80EBD0015271B /* FMDatabaseQueue.h */,
				C161CA651AC80EBD0015271B /* FMDatabaseQueue.m */,
				C161CA661AC80EBD0015271B /* FMResultSet.h */,
				C161CA671AC80EBD0015271B /* FMResultSet.m */,
			);
			name = FMDB;
			sourceTree = "<group>";
		};
		AE0F66FA1A00057500B94238 /* MBProgressHUD */ = {
			isa = PBXGroup;
			children = (
				AE0F66FE1A000D2500B94238 /* MBProgressHUD.h */,
				AE0F66FF1A000D2500B94238 /* MBProgressHUD.m */,
			);
			name = MBProgressHUD;
			sourceTree = "<group>";
		};
		AE25F5B919F57D9F00439FC2 /* ASIHttp */ = {
			isa = PBXGroup;
			children = (
				AE25F5BA19F57D9F00439FC2 /* ASIAuthenticationDialog.h */,
				AE25F5BB19F57D9F00439FC2 /* ASIAuthenticationDialog.m */,
				AE25F5BC19F57D9F00439FC2 /* ASICacheDelegate.h */,
				AE25F5BD19F57D9F00439FC2 /* ASIDownloadCache.h */,
				AE25F5BE19F57D9F00439FC2 /* ASIDownloadCache.m */,
				AE25F5BF19F57D9F00439FC2 /* ASIFormDataRequest.h */,
				AE25F5C019F57D9F00439FC2 /* ASIFormDataRequest.m */,
				AE25F5C119F57D9F00439FC2 /* ASIHttpHeaders.h */,
				AE25F5C219F57D9F00439FC2 /* ASIHTTPRequest.h */,
				AE25F5C319F57D9F00439FC2 /* ASIHTTPRequest.m */,
				AE25F5C419F57D9F00439FC2 /* ASIHTTPRequestConfig.h */,
				AE25F5C519F57D9F00439FC2 /* ASIHTTPRequestDelegate.h */,
				AE25F5C619F57D9F00439FC2 /* ASIInputStream.h */,
				AE25F5C719F57D9F00439FC2 /* ASIInputStream.m */,
				AE25F5C819F57D9F00439FC2 /* ASINetworkQueue.h */,
				AE25F5C919F57D9F00439FC2 /* ASINetworkQueue.m */,
				AE25F5CA19F57D9F00439FC2 /* ASIProgressDelegate.h */,
				AE25F5CB19F57D9F00439FC2 /* Reachability.h */,
				AE25F5CC19F57D9F00439FC2 /* Reachability.m */,
			);
			path = ASIHttp;
			sourceTree = "<group>";
		};
		AE5B304219EFCCC400E44365 = {
			isa = PBXGroup;
			children = (
				AE5B305419EFCCC400E44365 /* BusinessApp */,
				AE5B307319EFCCC400E44365 /* BusinessAppTests */,
				AE5B304D19EFCCC400E44365 /* Frameworks */,
				AE5B304C19EFCCC400E44365 /* Products */,
			);
			sourceTree = "<group>";
		};
		AE5B304C19EFCCC400E44365 /* Products */ = {
			isa = PBXGroup;
			children = (
				AE5B304B19EFCCC400E44365 /* BusinessApp.app */,
				AE5B306C19EFCCC400E44365 /* BusinessAppTests.xctest */,
			);
			name = Products;
			sourceTree = "<group>";
		};
		AE5B304D19EFCCC400E44365 /* Frameworks */ = {
			isa = PBXGroup;
			children = (
				AE0AFE4619FD42B5008381B5 /* libsqlite3.dylib */,
				AE25F60519F581E800439FC2 /* libz.dylib */,
				AE25F60319F5803000439FC2 /* libxml2.2.dylib */,
				AE25F5B519F5792900439FC2 /* MobileCoreServices.framework */,
				AE25F5B619F5792900439FC2 /* SystemConfiguration.framework */,
				AE25F5B119F5790900439FC2 /* CFNetwork.framework */,
				AE25F5B219F5790900439FC2 /* libz.1.2.5.dylib */,
				AE5B304E19EFCCC400E44365 /* Foundation.framework */,
				AE5B305019EFCCC400E44365 /* CoreGraphics.framework */,
				AE5B305219EFCCC400E44365 /* UIKit.framework */,
				AE5B306D19EFCCC400E44365 /* XCTest.framework */,
			);
			name = Frameworks;
			sourceTree = "<group>";
		};
		AE5B305419EFCCC400E44365 /* BusinessApp */ = {
			isa = PBXGroup;
			children = (
				AEE877421A4C221100F1F7B0 /* MJRefresh */,
				AED9DE271A30A85200305685 /* XCMultiSortTableView */,
				AEE4E7151A2F096000564347 /* CoreData */,
				AED9C2941A2C3B8C003D6741 /* CustomPanels */,
				AED9C2931A2C3B44003D6741 /* BlurIntroductionView */,
				AED9C2861A25822E003D6741 /* Function */,
				AED82D6B1A14FCF4008B151E /* LineGraph */,
				AE0893291A0A00FF006D860F /* RKTabView */,
				AE0F66FA1A00057500B94238 /* MBProgressHUD */,
				AE0AFE4C19FD657B008381B5 /* FMDB */,
				AE0AFE4219FA5DB0008381B5 /* GXML */,
				AE25F5B919F57D9F00439FC2 /* ASIHttp */,
				AE5B306019EFCCC400E44365 /* Main.storyboard */,
				AED834151A14FF5F008B151E /* KSLineViewController.h */,
				AED834161A14FF5F008B151E /* KSLineViewController.m */,
				AE73E1FC19FA207900292837 /* KSMainViewController.h */,
				AE73E1FD19FA207900292837 /* KSMainViewController.m */,
				AED008DC1A4423F300EFF3E0 /* KSSaleDayViewController.h */,
				AED008DD1A4423F300EFF3E0 /* KSSaleDayViewController.m */,
				AEE8775F1A5A8A4100F1F7B0 /* KSSaleDayDetailViewController.h */,
				AEE877601A5A8A4100F1F7B0 /* KSSaleDayDetailViewController.m */,
				AEAD4CEE19FF8ED60078F89F /* KSLogedViewController.h */,
				AEAD4CEF19FF8ED60078F89F /* KSLogedViewController.m */,
				AE5B306319EFCCC400E44365 /* KSViewController.h */,
				AE5B306419EFCCC400E44365 /* KSViewController.m */,
				AE0AFE4819FD56D9008381B5 /* DataBase */,
				AE5B306619EFCCC400E44365 /* Images.xcassets */,
				AE5B305519EFCCC400E44365 /* Supporting Files */,
				AE0893301A0A0792006D860F /* Resources */,
			);
			path = BusinessApp;
			sourceTree = "<group>";
		};
		AE5B305519EFCCC400E44365 /* Supporting Files */ = {
			isa = PBXGroup;
			children = (
				AED9C29E1A2C3D3E003D6741 /* Images */,
				AE0F67011A07D5AB00B94238 /* blurred_background.png */,
				C161CA6D1AC810BE0015271B /* index_01.jpg */,
				AE5B305D19EFCCC400E44365 /* KSAppDelegate.h */,
				AE5B305E19EFCCC400E44365 /* KSAppDelegate.m */,
				AE5B305619EFCCC400E44365 /* BusinessApp-Info.plist */,
				AE5B305719EFCCC400E44365 /* InfoPlist.strings */,
				AE5B305A19EFCCC400E44365 /* main.m */,
				AE5B305C19EFCCC400E44365 /* BusinessApp-Prefix.pch */,
			);
			name = "Supporting Files";
			sourceTree = "<group>";
		};
		AE5B307319EFCCC400E44365 /* BusinessAppTests */ = {
			isa = PBXGroup;
			children = (
				AE5B307919EFCCC400E44365 /* BusinessAppTests.m */,
				AE5B307419EFCCC400E44365 /* Supporting Files */,
			);
			path = BusinessAppTests;
			sourceTree = "<group>";
		};
		AE5B307419EFCCC400E44365 /* Supporting Files */ = {
			isa = PBXGroup;
			children = (
				AE5B307519EFCCC400E44365 /* BusinessAppTests-Info.plist */,
				AE5B307619EFCCC400E44365 /* InfoPlist.strings */,
			);
			name = "Supporting Files";
			sourceTree = "<group>";
		};
		AED82D6B1A14FCF4008B151E /* LineGraph */ = {
			isa = PBXGroup;
			children = (
				AECE59C71A1CF06A0033DC9F /* BEMAnimations.h */,
				AECE59C81A1CF06A0033DC9F /* BEMAnimations.m */,
				AECE59C91A1CF06A0033DC9F /* BEMCircle.h */,
				AECE59CA1A1CF06A0033DC9F /* BEMCircle.m */,
				AECE59CB1A1CF06A0033DC9F /* BEMLine.h */,
				AECE59CC1A1CF06A0033DC9F /* BEMLine.m */,
				AECE59CD1A1CF06A0033DC9F /* BEMSimpleLineGraphView.h */,
				AECE59CE1A1CF06A0033DC9F /* BEMSimpleLineGraphView.m */,
			);
			name = LineGraph;
			sourceTree = "<group>";
		};
		AED94A451A4B088900780EAD /* Cell */ = {
			isa = PBXGroup;
			children = (
				AED94A461A4B08CB00780EAD /* MonthTotalCell.h */,
				AED94A471A4B08CB00780EAD /* MonthTotalCell.m */,
				AED94A481A4B08CB00780EAD /* MonthTotalCell.xib */,
				AED165781A65003D0028B894 /* MonthTotalHeader.h */,
				AED165791A65003D0028B894 /* MonthTotalHeader.m */,
				AED1657A1A65003D0028B894 /* MonthTotalHeader.xib */,
			);
			name = Cell;
			sourceTree = "<group>";
		};
		AED9C2861A25822E003D6741 /* Function */ = {
			isa = PBXGroup;
			children = (
				AED9C2871A25833B003D6741 /* KSWebAccess.h */,
				AED9C2881A25833B003D6741 /* KSWebAccess.m */,
			);
			name = Function;
			sourceTree = "<group>";
		};
		AED9C2931A2C3B44003D6741 /* BlurIntroductionView */ = {
			isa = PBXGroup;
			children = (
				AED9C28A1A2C3B38003D6741 /* AMBlurView.h */,
				AED9C28B1A2C3B38003D6741 /* AMBlurView.m */,
				AED9C28C1A2C3B38003D6741 /* MYBlurIntroductionView.h */,
				AED9C28D1A2C3B38003D6741 /* MYBlurIntroductionView.m */,
				AED9C28E1A2C3B38003D6741 /* MYIntroductionPanel.h */,
				AED9C28F1A2C3B38003D6741 /* MYIntroductionPanel.m */,
			);
			name = BlurIntroductionView;
			sourceTree = "<group>";
		};
		AED9C2941A2C3B8C003D6741 /* CustomPanels */ = {
			isa = PBXGroup;
			children = (
				AED94A451A4B088900780EAD /* Cell */,
				AED9C2951A2C3BC2003D6741 /* TestHeader.xib */,
				AED9C2961A2C3BC2003D6741 /* TestPanel3.xib */,
				AED9C2971A2C3BC2003D6741 /* MYCustomPanel.h */,
				AED9C2981A2C3BC2003D6741 /* MYCustomPanel.m */,
				AED9C2991A2C3BC2003D6741 /* MYCustomPanel.xib */,
			);
			name = CustomPanels;
			sourceTree = "<group>";
		};
		AED9C29E1A2C3D3E003D6741 /* Images */ = {
			isa = PBXGroup;
			children = (
				AEE877401A4C0C9A00F1F7B0 /* Tag.png */,
				AED9C29F1A2C3D53003D6741 /* ForkImage.png */,
				AED9C2A01A2C3D53003D6741 /* HeaderImage.png */,
				AED9C2A11A2C3D53003D6741 /* Toronto, ON.jpg */,
				AED9C2A21A2C3D53003D6741 /* CheckMarkWhite.png */,
			);
			name = Images;
			sourceTree = "<group>";
		};
		AED9DE271A30A85200305685 /* XCMultiSortTableView */ = {
			isa = PBXGroup;
			children = (
				AED9DE281A30A88700305685 /* UIView+XCMultiSortTableView.h */,
				AED9DE291A30A88700305685 /* UIView+XCMultiSortTableView.m */,
				AED9DE2A1A30A88700305685 /* XCMultiSortTableView.h */,
				AED9DE2B1A30A88700305685 /* XCMultiSortTableView.m */,
				AED9DE2C1A30A88700305685 /* XCMultiSortTableViewBGScrollView.h */,
				AED9DE2D1A30A88700305685 /* XCMultiSortTableViewBGScrollView.m */,
				AED9DE2E1A30A88700305685 /* XCMultiSortTableViewDefault.h */,
			);
			name = XCMultiSortTableView;
			sourceTree = "<group>";
		};
		AEE4E7151A2F096000564347 /* CoreData */ = {
			isa = PBXGroup;
			children = (
				AEE4E7191A2F17C000564347 /* CoreDateManager.h */,
				AEE4E71A1A2F17C000564347 /* CoreDateManager.m */,
				AEE4E71C1A2F186100564347 /* KSUserDal.h */,
				AEE4E71D1A2F186100564347 /* KSUserDal.m */,
				AED008E21A497EFE00EFF3E0 /* KSMonthTotalDal.h */,
				AED008E31A497EFE00EFF3E0 /* KSMonthTotalDal.m */,
				AEE8775C1A4D676B00F1F7B0 /* KSSrBaseDal.h */,
				AEE8775D1A4D676B00F1F7B0 /* KSSrBaseDal.m */,
			);
			name = CoreData;
			sourceTree = "<group>";
		};
		AEE877421A4C221100F1F7B0 /* MJRefresh */ = {
			isa = PBXGroup;
			children = (
				AEE877431A4C22AF00F1F7B0 /* MJRefresh.h */,
				AEE877441A4C22AF00F1F7B0 /* MJRefreshBaseView.h */,
				AEE877451A4C22AF00F1F7B0 /* MJRefreshBaseView.m */,
				AEE877461A4C22AF00F1F7B0 /* MJRefreshConst.h */,
				AEE877471A4C22AF00F1F7B0 /* MJRefreshConst.m */,
				AEE877481A4C22AF00F1F7B0 /* MJRefreshFooterView.h */,
				AEE877491A4C22AF00F1F7B0 /* MJRefreshFooterView.m */,
				AEE8774A1A4C22AF00F1F7B0 /* MJRefreshHeaderView.h */,
				AEE8774B1A4C22AF00F1F7B0 /* MJRefreshHeaderView.m */,
				AEE8774C1A4C22AF00F1F7B0 /* UIScrollView+MJExtension.h */,
				AEE8774D1A4C22AF00F1F7B0 /* UIScrollView+MJExtension.m */,
				AEE8774E1A4C22AF00F1F7B0 /* UIScrollView+MJRefresh.h */,
				AEE8774F1A4C22AF00F1F7B0 /* UIScrollView+MJRefresh.m */,
				AEE877501A4C22AF00F1F7B0 /* UIView+MJExtension.h */,
				AEE877511A4C22AF00F1F7B0 /* UIView+MJExtension.m */,
			);
			name = MJRefresh;
			sourceTree = "<group>";
		};
/* End PBXGroup section */

/* Begin PBXNativeTarget section */
		AE5B304A19EFCCC400E44365 /* BusinessApp */ = {
			isa = PBXNativeTarget;
			buildConfigurationList = AE5B307D19EFCCC400E44365 /* Build configuration list for PBXNativeTarget "BusinessApp" */;
			buildPhases = (
				AE5B304719EFCCC400E44365 /* Sources */,
				AE5B304819EFCCC400E44365 /* Frameworks */,
				AE5B304919EFCCC400E44365 /* Resources */,
			);
			buildRules = (
			);
			dependencies = (
			);
			name = BusinessApp;
			productName = BusinessApp;
			productReference = AE5B304B19EFCCC400E44365 /* BusinessApp.app */;
			productType = "com.apple.product-type.application";
		};
		AE5B306B19EFCCC400E44365 /* BusinessAppTests */ = {
			isa = PBXNativeTarget;
			buildConfigurationList = AE5B308019EFCCC400E44365 /* Build configuration list for PBXNativeTarget "BusinessAppTests" */;
			buildPhases = (
				AE5B306819EFCCC400E44365 /* Sources */,
				AE5B306919EFCCC400E44365 /* Frameworks */,
				AE5B306A19EFCCC400E44365 /* Resources */,
			);
			buildRules = (
			);
			dependencies = (
				AE5B307219EFCCC400E44365 /* PBXTargetDependency */,
			);
			name = BusinessAppTests;
			productName = BusinessAppTests;
			productReference = AE5B306C19EFCCC400E44365 /* BusinessAppTests.xctest */;
			productType = "com.apple.product-type.bundle.unit-test";
		};
/* End PBXNativeTarget section */

/* Begin PBXProject section */
		AE5B304319EFCCC400E44365 /* Project object */ = {
			isa = PBXProject;
			attributes = {
				CLASSPREFIX = KS;
				LastUpgradeCheck = 0510;
				ORGANIZATIONNAME = Kindstar;
				TargetAttributes = {
					AE5B304A19EFCCC400E44365 = {
						DevelopmentTeam = 36L52348JM;
					};
					AE5B306B19EFCCC400E44365 = {
						DevelopmentTeam = 36L52348JM;
						TestTargetID = AE5B304A19EFCCC400E44365;
					};
				};
			};
			buildConfigurationList = AE5B304619EFCCC400E44365 /* Build configuration list for PBXProject "BusinessApp" */;
			compatibilityVersion = "Xcode 3.2";
			developmentRegion = English;
			hasScannedForEncodings = 0;
			knownRegions = (
				en,
				Base,
				fr,
			);
			mainGroup = AE5B304219EFCCC400E44365;
			productRefGroup = AE5B304C19EFCCC400E44365 /* Products */;
			projectDirPath = "";
			projectRoot = "";
			targets = (
				AE5B304A19EFCCC400E44365 /* BusinessApp */,
				AE5B306B19EFCCC400E44365 /* BusinessAppTests */,
			);
		};
/* End PBXProject section */

/* Begin PBXResourcesBuildPhase section */
		AE5B304919EFCCC400E44365 /* Resources */ = {
			isa = PBXResourcesBuildPhase;
			buildActionMask = 2147483647;
			files = (
				AE08933D1A0A08CD006D860F /* cloud_disabled@2x.png in Resources */,
				AE5B306719EFCCC400E44365 /* Images.xcassets in Resources */,
				AE08933C1A0A08CD006D860F /* camera_enabled@2x.png in Resources */,
				AED9C2A31A2C3D53003D6741 /* ForkImage.png in Resources */,
				AE0893411A0A08CD006D860F /* user_disabled@2x.png in Resources */,
				AED94A4A1A4B08CB00780EAD /* MonthTotalCell.xib in Resources */,
				AEE877411A4C0C9A00F1F7B0 /* Tag.png in Resources */,
				AED1657C1A65003D0028B894 /* MonthTotalHeader.xib in Resources */,
				AE0893401A0A08CD006D860F /* globe_enabled@2x.png in Resources */,
				AED9C2A51A2C3D53003D6741 /* Toronto, ON.jpg in Resources */,
				AED9C2A61A2C3D53003D6741 /* CheckMarkWhite.png in Resources */,
				AE08933B1A0A08CD006D860F /* camera_disabled@2x.png in Resources */,
				AE08933E1A0A08CD006D860F /* cloud_enabled@2x.png in Resources */,
				AE0893441A0A08CD006D860F /* watch_enabled@2x.png in Resources */,
				AED9C29A1A2C3BC2003D6741 /* TestHeader.xib in Resources */,
				C161CA6E1AC810BE0015271B /* index_01.jpg in Resources */,
				AED9C2A41A2C3D53003D6741 /* HeaderImage.png in Resources */,
				AE5B305919EFCCC400E44365 /* InfoPlist.strings in Resources */,
				AE0893421A0A08CD006D860F /* user_enabled@2x.png in Resources */,
				AE08933F1A0A08CD006D860F /* globe_disabled@2x.png in Resources */,
				AE0893431A0A08CD006D860F /* watch_disabled@2x.png in Resources */,
				AE0F67021A07D5AB00B94238 /* blurred_background.png in Resources */,
				AE5B306219EFCCC400E44365 /* Main.storyboard in Resources */,
				AED9C29D1A2C3BC2003D6741 /* MYCustomPanel.xib in Resources */,
				AED9C29B1A2C3BC2003D6741 /* TestPanel3.xib in Resources */,
			);
			runOnlyForDeploymentPostprocessing = 0;
		};
		AE5B306A19EFCCC400E44365 /* Resources */ = {
			isa = PBXResourcesBuildPhase;
			buildActionMask = 2147483647;
			files = (
				AE5B307819EFCCC400E44365 /* InfoPlist.strings in Resources */,
			);
			runOnlyForDeploymentPostprocessing = 0;
		};
/* End PBXResourcesBuildPhase section */

/* Begin PBXSourcesBuildPhase section */
		AE5B304719EFCCC400E44365 /* Sources */ = {
			isa = PBXSourcesBuildPhase;
			buildActionMask = 2147483647;
			files = (
				AED008DE1A4423F300EFF3E0 /* KSSaleDayViewController.m in Sources */,
				AE5B306519EFCCC400E44365 /* KSViewController.m in Sources */,
				AEDAC74F1A2DCB9300B050E2 /* CheckOut.m in Sources */,
				AEDAC73E1A2D914300B050E2 /* KindstarModel.xcdatamodeld in Sources */,
				AE25F5EF19F57D9F00439FC2 /* ASIFormDataRequest.m in Sources */,
				C161CA6A1AC80EBD0015271B /* FMDatabasePool.m in Sources */,
				AE25F5F219F57D9F00439FC2 /* ASINetworkQueue.m in Sources */,
				AECE59CF1A1CF06A0033DC9F /* BEMAnimations.m in Sources */,
				AEE877611A5A8A4100F1F7B0 /* KSSaleDayDetailViewController.m in Sources */,
				AECE59D11A1CF06A0033DC9F /* BEMLine.m in Sources */,
				AEE4E71B1A2F17C000564347 /* CoreDateManager.m in Sources */,
				AEE8775B1A4D61C700F1F7B0 /* SrBase.m in Sources */,
				AED008E41A497EFE00EFF3E0 /* KSMonthTotalDal.m in Sources */,
				AED9C2891A25833B003D6741 /* KSWebAccess.m in Sources */,
				AE08934A1A0A259F006D860F /* RKTabView.m in Sources */,
				AED9DE311A30A88700305685 /* XCMultiSortTableViewBGScrollView.m in Sources */,
				AE0F67001A000D2500B94238 /* MBProgressHUD.m in Sources */,
				AEE4E71E1A2F186100564347 /* KSUserDal.m in Sources */,
				AE0AFE5E19FD6687008381B5 /* KSDBManager.m in Sources */,
				AED9C2911A2C3B38003D6741 /* MYBlurIntroductionView.m in Sources */,
				AE25F5ED19F57D9F00439FC2 /* ASIAuthenticationDialog.m in Sources */,
				AED9C29C1A2C3BC2003D6741 /* MYCustomPanel.m in Sources */,
				C161CA5A1AC7BFCB0015271B /* User.m in Sources */,
				AED1657B1A65003D0028B894 /* MonthTotalHeader.m in Sources */,
				AEE8775E1A4D676B00F1F7B0 /* KSSrBaseDal.m in Sources */,
				C161CA6B1AC80EBD0015271B /* FMDatabaseQueue.m in Sources */,
				AEE877541A4C22AF00F1F7B0 /* MJRefreshFooterView.m in Sources */,
				AED9C2901A2C3B38003D6741 /* AMBlurView.m in Sources */,
				AED9DE301A30A88700305685 /* XCMultiSortTableView.m in Sources */,
				AEE877531A4C22AF00F1F7B0 /* MJRefreshConst.m in Sources */,
				AED008E11A49790C00EFF3E0 /* MonthTotal.m in Sources */,
				AE25F5F319F57D9F00439FC2 /* Reachability.m in Sources */,
				AED94A491A4B08CB00780EAD /* MonthTotalCell.m in Sources */,
				C161CA5D1AC7FE3C0015271B /* GDataXMLNode.m in Sources */,
				AE0AFE6119FD7394008381B5 /* KSUser.m in Sources */,
				AECE59D21A1CF06A0033DC9F /* BEMSimpleLineGraphView.m in Sources */,
				AEDAC74C1A2DCB9200B050E2 /* BusinessApp.m in Sources */,
				AE25F5EE19F57D9F00439FC2 /* ASIDownloadCache.m in Sources */,
				AE73E1FE19FA207900292837 /* KSMainViewController.m in Sources */,
				AE25F5F119F57D9F00439FC2 /* ASIInputStream.m in Sources */,
				AEE877551A4C22AF00F1F7B0 /* MJRefreshHeaderView.m in Sources */,
				AE25F5F019F57D9F00439FC2 /* ASIHTTPRequest.m in Sources */,
				AE5B305F19EFCCC400E44365 /* KSAppDelegate.m in Sources */,
				AE0893491A0A259F006D860F /* RKTabItem.m in Sources */,
				AEE877571A4C22AF00F1F7B0 /* UIScrollView+MJRefresh.m in Sources */,
				AEE877561A4C22AF00F1F7B0 /* UIScrollView+MJExtension.m in Sources */,
				AED9C2921A2C3B38003D6741 /* MYIntroductionPanel.m in Sources */,
				C161CA681AC80EBD0015271B /* FMDatabase.m in Sources */,
				C161CA6C1AC80EBD0015271B /* FMResultSet.m in Sources */,
				AEAD4CF019FF8ED60078F89F /* KSLogedViewController.m in Sources */,
				AE5B305B19EFCCC400E44365 /* main.m in Sources */,
				AE0AFE6419FD7441008381B5 /* KSUserDB.m in Sources */,
				AEE877521A4C22AF00F1F7B0 /* MJRefreshBaseView.m in Sources */,
				AEE877581A4C22AF00F1F7B0 /* UIView+MJExtension.m in Sources */,
				AED834171A14FF5F008B151E /* KSLineViewController.m in Sources */,
				AED9DE2F1A30A88700305685 /* UIView+XCMultiSortTableView.m in Sources */,
				AECE59D01A1CF06A0033DC9F /* BEMCircle.m in Sources */,
				C161CA691AC80EBD0015271B /* FMDatabaseAdditions.m in Sources */,
			);
			runOnlyForDeploymentPostprocessing = 0;
		};
		AE5B306819EFCCC400E44365 /* Sources */ = {
			isa = PBXSourcesBuildPhase;
			buildActionMask = 2147483647;
			files = (
				AE5B307A19EFCCC400E44365 /* BusinessAppTests.m in Sources */,
			);
			runOnlyForDeploymentPostprocessing = 0;
		};
/* End PBXSourcesBuildPhase section */

/* Begin PBXTargetDependency section */
		AE5B307219EFCCC400E44365 /* PBXTargetDependency */ = {
			isa = PBXTargetDependency;
			target = AE5B304A19EFCCC400E44365 /* BusinessApp */;
			targetProxy = AE5B307119EFCCC400E44365 /* PBXContainerItemProxy */;
		};
/* End PBXTargetDependency section */

/* Begin PBXVariantGroup section */
		AE5B305719EFCCC400E44365 /* InfoPlist.strings */ = {
			isa = PBXVariantGroup;
			children = (
				AE5B305819EFCCC400E44365 /* en */,
			);
			name = InfoPlist.strings;
			sourceTree = "<group>";
		};
		AE5B306019EFCCC400E44365 /* Main.storyboard */ = {
			isa = PBXVariantGroup;
			children = (
				AE5B306119EFCCC400E44365 /* Base */,
			);
			name = Main.storyboard;
			sourceTree = "<group>";
		};
		AE5B307619EFCCC400E44365 /* InfoPlist.strings */ = {
			isa = PBXVariantGroup;
			children = (
				AE5B307719EFCCC400E44365 /* en */,
			);
			name = InfoPlist.strings;
			sourceTree = "<group>";
		};
/* End PBXVariantGroup section */

/* Begin XCBuildConfiguration section */
		AE5B307B19EFCCC400E44365 /* Debug */ = {
			isa = XCBuildConfiguration;
			buildSettings = {
				ALWAYS_SEARCH_USER_PATHS = NO;
				CLANG_CXX_LANGUAGE_STANDARD = "gnu++0x";
				CLANG_CXX_LIBRARY = "libc++";
				CLANG_ENABLE_MODULES = YES;
				CLANG_ENABLE_OBJC_ARC = YES;
				CLANG_WARN_BOOL_CONVERSION = YES;
				CLANG_WARN_CONSTANT_CONVERSION = YES;
				CLANG_WARN_DIRECT_OBJC_ISA_USAGE = YES_ERROR;
				CLANG_WARN_EMPTY_BODY = YES;
				CLANG_WARN_ENUM_CONVERSION = YES;
				CLANG_WARN_INT_CONVERSION = YES;
				CLANG_WARN_OBJC_ROOT_CLASS = YES_ERROR;
				CLANG_WARN__DUPLICATE_METHOD_MATCH = YES;
				"CODE_SIGN_IDENTITY[sdk=iphoneos*]" = "iPhone Developer";
				COPY_PHASE_STRIP = NO;
				GCC_C_LANGUAGE_STANDARD = gnu99;
				GCC_DYNAMIC_NO_PIC = NO;
				GCC_OPTIMIZATION_LEVEL = 0;
				GCC_PREPROCESSOR_DEFINITIONS = (
					"DEBUG=1",
					"$(inherited)",
				);
				GCC_SYMBOLS_PRIVATE_EXTERN = NO;
				GCC_WARN_64_TO_32_BIT_CONVERSION = YES;
				GCC_WARN_ABOUT_RETURN_TYPE = YES_ERROR;
				GCC_WARN_UNDECLARED_SELECTOR = YES;
				GCC_WARN_UNINITIALIZED_AUTOS = YES_AGGRESSIVE;
				GCC_WARN_UNUSED_FUNCTION = YES;
				GCC_WARN_UNUSED_VARIABLE = YES;
				IPHONEOS_DEPLOYMENT_TARGET = 7.1;
				ONLY_ACTIVE_ARCH = YES;
				SDKROOT = iphoneos;
			};
			name = Debug;
		};
		AE5B307C19EFCCC400E44365 /* Release */ = {
			isa = XCBuildConfiguration;
			buildSettings = {
				ALWAYS_SEARCH_USER_PATHS = NO;
				CLANG_CXX_LANGUAGE_STANDARD = "gnu++0x";
				CLANG_CXX_LIBRARY = "libc++";
				CLANG_ENABLE_MODULES = YES;
				CLANG_ENABLE_OBJC_ARC = YES;
				CLANG_WARN_BOOL_CONVERSION = YES;
				CLANG_WARN_CONSTANT_CONVERSION = YES;
				CLANG_WARN_DIRECT_OBJC_ISA_USAGE = YES_ERROR;
				CLANG_WARN_EMPTY_BODY = YES;
				CLANG_WARN_ENUM_CONVERSION = YES;
				CLANG_WARN_INT_CONVERSION = YES;
				CLANG_WARN_OBJC_ROOT_CLASS = YES_ERROR;
				CLANG_WARN__DUPLICATE_METHOD_MATCH = YES;
				"CODE_SIGN_IDENTITY[sdk=iphoneos*]" = "iPhone Developer";
				COPY_PHASE_STRIP = YES;
				ENABLE_NS_ASSERTIONS = NO;
				GCC_C_LANGUAGE_STANDARD = gnu99;
				GCC_WARN_64_TO_32_BIT_CONVERSION = YES;
				GCC_WARN_ABOUT_RETURN_TYPE = YES_ERROR;
				GCC_WARN_UNDECLARED_SELECTOR = YES;
				GCC_WARN_UNINITIALIZED_AUTOS = YES_AGGRESSIVE;
				GCC_WARN_UNUSED_FUNCTION = YES;
				GCC_WARN_UNUSED_VARIABLE = YES;
				IPHONEOS_DEPLOYMENT_TARGET = 7.1;
				SDKROOT = iphoneos;
				VALIDATE_PRODUCT = YES;
			};
			name = Release;
		};
		AE5B307E19EFCCC400E44365 /* Debug */ = {
			isa = XCBuildConfiguration;
			buildSettings = {
				ASSETCATALOG_COMPILER_APPICON_NAME = AppIcon;
				ASSETCATALOG_COMPILER_LAUNCHIMAGE_NAME = LaunchImage;
				CLANG_ANALYZER_MEMORY_MANAGEMENT = YES;
				CLANG_ENABLE_OBJC_ARC = YES;
				GCC_PRECOMPILE_PREFIX_HEADER = YES;
				GCC_PREFIX_HEADER = "BusinessApp/BusinessApp-Prefix.pch";
				HEADER_SEARCH_PATHS = /usr/include/libxml2;
				INFOPLIST_FILE = "BusinessApp/BusinessApp-Info.plist";
				IPHONEOS_DEPLOYMENT_TARGET = 6.0;
				OTHER_LDFLAGS = "-lxml2";
				PRODUCT_NAME = "$(TARGET_NAME)";
				WRAPPER_EXTENSION = app;
			};
			name = Debug;
		};
		AE5B307F19EFCCC400E44365 /* Release */ = {
			isa = XCBuildConfiguration;
			buildSettings = {
				ASSETCATALOG_COMPILER_APPICON_NAME = AppIcon;
				ASSETCATALOG_COMPILER_LAUNCHIMAGE_NAME = LaunchImage;
				CLANG_ANALYZER_MEMORY_MANAGEMENT = YES;
				CLANG_ENABLE_OBJC_ARC = YES;
				GCC_PRECOMPILE_PREFIX_HEADER = YES;
				GCC_PREFIX_HEADER = "BusinessApp/BusinessApp-Prefix.pch";
				HEADER_SEARCH_PATHS = /usr/include/libxml2;
				INFOPLIST_FILE = "BusinessApp/BusinessApp-Info.plist";
				IPHONEOS_DEPLOYMENT_TARGET = 6.0;
				OTHER_LDFLAGS = "-lxml2";
				PRODUCT_NAME = "$(TARGET_NAME)";
				WRAPPER_EXTENSION = app;
			};
			name = Release;
		};
		AE5B308119EFCCC400E44365 /* Debug */ = {
			isa = XCBuildConfiguration;
			buildSettings = {
				BUNDLE_LOADER = "$(BUILT_PRODUCTS_DIR)/BusinessApp.app/BusinessApp";
				CODE_SIGN_IDENTITY = "iPhone Developer";
				"CODE_SIGN_IDENTITY[sdk=iphoneos*]" = "iPhone Developer";
				FRAMEWORK_SEARCH_PATHS = (
					"$(SDKROOT)/Developer/Library/Frameworks",
					"$(inherited)",
					"$(DEVELOPER_FRAMEWORKS_DIR)",
				);
				GCC_PRECOMPILE_PREFIX_HEADER = YES;
				GCC_PREFIX_HEADER = "BusinessApp/BusinessApp-Prefix.pch";
				GCC_PREPROCESSOR_DEFINITIONS = (
					"DEBUG=1",
					"$(inherited)",
				);
				INFOPLIST_FILE = "BusinessAppTests/BusinessAppTests-Info.plist";
				PRODUCT_NAME = "$(TARGET_NAME)";
				PROVISIONING_PROFILE = "";
				TEST_HOST = "$(BUNDLE_LOADER)";
				WRAPPER_EXTENSION = xctest;
			};
			name = Debug;
		};
		AE5B308219EFCCC400E44365 /* Release */ = {
			isa = XCBuildConfiguration;
			buildSettings = {
				BUNDLE_LOADER = "$(BUILT_PRODUCTS_DIR)/BusinessApp.app/BusinessApp";
				CODE_SIGN_IDENTITY = "iPhone Developer";
				"CODE_SIGN_IDENTITY[sdk=iphoneos*]" = "iPhone Developer";
				FRAMEWORK_SEARCH_PATHS = (
					"$(SDKROOT)/Developer/Library/Frameworks",
					"$(inherited)",
					"$(DEVELOPER_FRAMEWORKS_DIR)",
				);
				GCC_PRECOMPILE_PREFIX_HEADER = YES;
				GCC_PREFIX_HEADER = "BusinessApp/BusinessApp-Prefix.pch";
				INFOPLIST_FILE = "BusinessAppTests/BusinessAppTests-Info.plist";
				PRODUCT_NAME = "$(TARGET_NAME)";
				PROVISIONING_PROFILE = "";
				TEST_HOST = "$(BUNDLE_LOADER)";
				WRAPPER_EXTENSION = xctest;
			};
			name = Release;
		};
/* End XCBuildConfiguration section */

/* Begin XCConfigurationList section */
		AE5B304619EFCCC400E44365 /* Build configuration list for PBXProject "BusinessApp" */ = {
			isa = XCConfigurationList;
			buildConfigurations = (
				AE5B307B19EFCCC400E44365 /* Debug */,
				AE5B307C19EFCCC400E44365 /* Release */,
			);
			defaultConfigurationIsVisible = 0;
			defaultConfigurationName = Release;
		};
		AE5B307D19EFCCC400E44365 /* Build configuration list for PBXNativeTarget "BusinessApp" */ = {
			isa = XCConfigurationList;
			buildConfigurations = (
				AE5B307E19EFCCC400E44365 /* Debug */,
				AE5B307F19EFCCC400E44365 /* Release */,
			);
			defaultConfigurationIsVisible = 0;
			defaultConfigurationName = Release;
		};
		AE5B308019EFCCC400E44365 /* Build configuration list for PBXNativeTarget "BusinessAppTests" */ = {
			isa = XCConfigurationList;
			buildConfigurations = (
				AE5B308119EFCCC400E44365 /* Debug */,
				AE5B308219EFCCC400E44365 /* Release */,
			);
			defaultConfigurationIsVisible = 0;
			defaultConfigurationName = Release;
		};
/* End XCConfigurationList section */

/* Begin XCVersionGroup section */
		AEDAC73C1A2D914300B050E2 /* KindstarModel.xcdatamodeld */ = {
			isa = XCVersionGroup;
			children = (
				AEDAC73D1A2D914300B050E2 /* KindstarModel.xcdatamodel */,
			);
			currentVersion = AEDAC73D1A2D914300B050E2 /* KindstarModel.xcdatamodel */;
			path = KindstarModel.xcdatamodeld;
			sourceTree = "<group>";
			versionGroupType = wrapper.xcdatamodel;
		};
/* End XCVersionGroup section */
	};
	rootObject = AE5B304319EFCCC400E44365 /* Project object */;
}
